// !$*UTF8*$!
{
	archiveVersion = 1;
	classes = {
	};
	objectVersion = 46;
	objects = {

/* Begin PBXAggregateTarget section */
		01A0DB2E2D3D70E68C6F5BC5 /* LV50A - All */ = {
			isa = PBXAggregateTarget;
			buildConfigurationList = CF900D9B04DE59A2CEA4222F;
			buildPhases = (
			);
			dependencies = (
				A51E32341A87C95F3B7C8FAF,
				A7F3150CA4BD52411CED16D5,
				A7F486EA23AC17B290176F1B,
				597E55B65491646516E8BABC,
			);
			name = "LV50A - All";
			productName = LV50A;
		};
/* End PBXAggregateTarget section */

/* Begin PBXBuildFile section */
		015A836FB2809058C110DBA6 /* VST3 */ = {isa = PBXBuildFile; fileRef = 4D21580817FEFC38209C2764; };
		01A1FC518AA069BF9855E887 /* CoreAudioKit.framework */ = {isa = PBXBuildFile; fileRef = 63905F04005978DFE83DB203; };
		0E50DCC040E32DCD54E8F60F /* DiscRecording.framework */ = {isa = PBXBuildFile; fileRef = 3FFED49833715BDE4FE9DBD8; };
		13E14EB57E5B8B86318FCED2 /* RecentFilesMenuTemplate.nib */ = {isa = PBXBuildFile; fileRef = FC94C447065C6E3C10A2CD25; };
		14604E04E98823C5F42FAE54 /* include_juce_core.mm */ = {isa = PBXBuildFile; fileRef = 520DE16960F9A025F76FA436; };
		152515F121413AB334E81FC5 /* LV_FaderComponent.cpp */ = {isa = PBXBuildFile; fileRef = C2190F00329F613CD934AA26; };
		1A87F061638E13BC1BAC299A /* UI-InitWindow.cpp */ = {isa = PBXBuildFile; fileRef = 88FECACC26AFA6CE87D3E615; };
		1C69206F3D5DED018F06B9AD /* include_juce_audio_plugin_client_AU_2.mm */ = {isa = PBXBuildFile; fileRef = 0B5F4EE9EC0A96D9D5E013AF; };
		316A76BFB6C7436619EEA1D5 /* WebKit.framework */ = {isa = PBXBuildFile; fileRef = 3C71F6099CAA630AB0CA9DA6; };
		39E56AC844D900E1E5D110CB /* ProcessorCore.cpp */ = {isa = PBXBuildFile; fileRef = 0BA1BD2EC6611D6E965F21C0; };
		41968DF38DE00D15B485F292 /* include_juce_gui_basics.mm */ = {isa = PBXBuildFile; fileRef = E4F92D1646A9104842A94ADC; };
		42F7C95AEFC5412A29D6C017 /* StyleSheet.cpp */ = {isa = PBXBuildFile; fileRef = 5897B9E9357E9D4A02AE0A88; };
		51671F7201A0999FEA868507 /* Foundation.framework */ = {isa = PBXBuildFile; fileRef = 4A252C9A16C3B6184D8E63BD; };
		64C2434F136921B7AEB60928 /* Filters.cpp */ = {isa = PBXBuildFile; fileRef = 81C0E2E2BE9A78CA51E9E051; };
		6ABEA11E7133144E8E75B49B /* UI-SaveWindow.cpp */ = {isa = PBXBuildFile; fileRef = 08DE24961514CB690C875A00; };
		6D9321571000D2BB9884C1DC /* PluginEditor.cpp */ = {isa = PBXBuildFile; fileRef = F3B3DF907F6E46F2083EF585; };
		71B6F2200AFA4E929CD2BCBA /* Carbon.framework */ = {isa = PBXBuildFile; fileRef = C952553C32D9E9C2E56EA6E2; };
		74A9690932F6291A08AE5047 /* LV_SVFilter.cpp */ = {isa = PBXBuildFile; fileRef = 70D2348EF09CAAD6B8564228; };
		757B6180925AA67FE7D1EBDD /* UI-Paint.cpp */ = {isa = PBXBuildFile; fileRef = 385CFDD68621E755924416ED; };
		77DE7FBD7BD32036307BBB37 /* PluginProcessor.cpp */ = {isa = PBXBuildFile; fileRef = FF8AF7CCE9A9B2F626E5E0DF; };
		7DC53AD18ADF9FC5F608F558 /* Cocoa.framework */ = {isa = PBXBuildFile; fileRef = 613C24118F6F01BE4BFFA317; };
		7EEC21E3A5A46BEE6FCBC90B /* LV_PushButtonComponent.cpp */ = {isa = PBXBuildFile; fileRef = 7B5CA0FBA6222DE0DD7BFFBB; };
		80A4F16EF1D795867F5C5B60 /* include_juce_audio_plugin_client_Standalone.cpp */ = {isa = PBXBuildFile; fileRef = A1B276A0C63BA79C927FCEE8; };
		88566FB828392267C36B35AE /* include_juce_audio_plugin_client_VST3.cpp */ = {isa = PBXBuildFile; fileRef = 8ACF227232CE64F24B9714BC; };
		925833F85ADEBAF1D38F457D /* include_juce_dsp.mm */ = {isa = PBXBuildFile; fileRef = 8C85DC34F17389A59BD6DFCD; };
		98725CE4A5DDD666AADA1A5B /* include_juce_audio_formats.mm */ = {isa = PBXBuildFile; fileRef = E3507366137F595EFAEC3977; };
		9A4BDE2209FC1F2A40D2843E /* include_juce_audio_plugin_client_utils.cpp */ = {isa = PBXBuildFile; fileRef = CC0644A3EE54DD8D67A282F7; };
		9BCAD165EA42C8D36D9171BB /* LV_MenuComponent.cpp */ = {isa = PBXBuildFile; fileRef = BA54FA60042A41E137C78C77; };
		A209ED49C9C0BA7FE3DA9426 /* AudioToolbox.framework */ = {isa = PBXBuildFile; fileRef = 7020277AA1337DD5D77E3218; };
		A61F703A60BE0E99B4EB85A8 /* AudioUnit.framework */ = {isa = PBXBuildFile; fileRef = 5C5EEFE304D7D6F76FC0421A; };
		AAC15C2CBFBD4C2726193B1D /* include_juce_audio_plugin_client_AU_1.mm */ = {isa = PBXBuildFile; fileRef = 858160A9B98596F9A398B235; };
		ABC8B0674B488C934C8CA1E0 /* LV_GroupComponent.cpp */ = {isa = PBXBuildFile; fileRef = 5D0FBF013423F967F76BDD41; };
		B1FB21EBE93A82F590CC8453 /* include_juce_graphics.mm */ = {isa = PBXBuildFile; fileRef = BF5F519B2943D1708EE1661D; };
		B20D94EA4F08EA9D143A779A /* QuartzCore.framework */ = {isa = PBXBuildFile; fileRef = C40F9479D45A136ABE9A2BDE; };
		B696B516464BA7EBAC9B859F /* Standalone Plugin */ = {isa = PBXBuildFile; fileRef = 5452C7A059D5C7E0DD77FBAE; };
		B7E783834733366930BD5C8D /* UIFlexBox.cpp */ = {isa = PBXBuildFile; fileRef = EF98DB10E7A0058DEA040DAC; };
		BE75849A7F10FEFF3C3CAD84 /* BinaryData2.cpp */ = {isa = PBXBuildFile; fileRef = EF7BC0542B028AFABC48B4A6; };
		BF1A8FEA5EECEB0A511B9821 /* AU */ = {isa = PBXBuildFile; fileRef = 7BE4E76CABA65397463E104F; };
		C0E96E69D7F88E171319D4F0 /* LV_Window.cpp */ = {isa = PBXBuildFile; fileRef = A54536711F710477CBEB0E75; };
		C1729EBE39251A519848BE33 /* CoreMIDI.framework */ = {isa = PBXBuildFile; fileRef = 179EEEB39D6592372A30C9C5; };
		C3299A40F3475A32338CC3B7 /* include_juce_events.mm */ = {isa = PBXBuildFile; fileRef = ACE6FB7AC0F127E030E9648F; };
		C63230ABA001135876300D59 /* UI-Resized.cpp */ = {isa = PBXBuildFile; fileRef = 5F31DA453C47B9957A3C9F4D; };
		CC28106F83A99DBC94DDF08A /* include_juce_audio_devices.mm */ = {isa = PBXBuildFile; fileRef = 0EE0B16E3ED50F8149EAB167; };
		D0531D5358F8193D1C66AE1E /* include_juce_audio_utils.mm */ = {isa = PBXBuildFile; fileRef = 3EF17E4A701C98357A625A78; };
		D3A3407627FE7D8EC573C657 /* include_juce_audio_basics.mm */ = {isa = PBXBuildFile; fileRef = ACDA2E98F06211D6DF1FBFF7; };
		D3D415297CDA8467FE164301 /* LV_DialComponent.cpp */ = {isa = PBXBuildFile; fileRef = 010B2D18722BA00811E6840B; };
		D60BA6572D6DE133685E11CC /* BinaryData.cpp */ = {isa = PBXBuildFile; fileRef = B42E7D847F730F3E7254E0CC; };
		D86320E1195284072A42C300 /* LV_PowerToggle.cpp */ = {isa = PBXBuildFile; fileRef = D9F10D5DC47CBC361697A9B1; };
		DBF2FB801B10DD767155189A /* IOKit.framework */ = {isa = PBXBuildFile; fileRef = C9580ABF6A9AC4707CCDBEF8; };
		DC52498882488801007F34BD /* UI-Constructor.cpp */ = {isa = PBXBuildFile; fileRef = 86F1EE5545CC7AE10C3F04E9; };
		E1DBBC3FB6E5B4C7C67E62C2 /* include_juce_audio_processors.mm */ = {isa = PBXBuildFile; fileRef = 8E597A5944A75BBE3D8A96AD; };
		E2000EAF58106069389FAC23 /* LV_LabelComponent.cpp */ = {isa = PBXBuildFile; fileRef = 3E1E8E269DE512FAA13EC4AA; };
		E711CF7D88D4E397E72E24AB /* include_juce_gui_extra.mm */ = {isa = PBXBuildFile; fileRef = 0ABC4A5C302DB14F95C74FE4; };
		E86F0CCCC5519A3A577A1FE7 /* CoreAudio.framework */ = {isa = PBXBuildFile; fileRef = C8464AFB81BF1929D18C0A70; };
		EB03C39D8DFB69C3C02ECCBB /* include_juce_data_structures.mm */ = {isa = PBXBuildFile; fileRef = A7A8F5E4A5DA81DCE1A24BC3; };
		F38BF4D92CC48BC6AF4CE922 /* Shared Code */ = {isa = PBXBuildFile; fileRef = 019ED07CC0552D2D7E7418A8; };
		F39CFC3B24FD6E7DE53DE03C /* ComponentProps.cpp */ = {isa = PBXBuildFile; fileRef = 1C784E1ADFD38073A70C8007; };
		F7348DDFCF7841D548D53D47 /* include_juce_audio_plugin_client_AU.r */ = {isa = PBXBuildFile; fileRef = A618510AF6C0E2D508A5F700; };
		F88CFF60BB552752DFF96B0C /* include_juce_audio_plugin_client_VST_utils.mm */ = {isa = PBXBuildFile; fileRef = 1FB151B481C147B42FFD4CFE; };
		FF7AAC2D24BDF976BD288BA3 /* Accelerate.framework */ = {isa = PBXBuildFile; fileRef = B07B88A895289C8712F91285; };
/* End PBXBuildFile section */

/* Begin PBXFileReference section */
		010B2D18722BA00811E6840B /* LV_DialComponent.cpp */ /* LV_DialComponent.cpp */ = {isa = PBXFileReference; lastKnownFileType = sourcecode.cpp.cpp; name = LV_DialComponent.cpp; path = "../../Source/UI-Components/LV_DialComponent.cpp"; sourceTree = SOURCE_ROOT; };
		019ED07CC0552D2D7E7418A8 /* Shared Code */ = {isa = PBXFileReference; explicitFileType = archive.ar; includeInIndex = 0; path = libLV50A.a; sourceTree = BUILT_PRODUCTS_DIR; };
		0484B9DAA384AE4630AD603B /* LV_GroupComponent.h */ /* LV_GroupComponent.h */ = {isa = PBXFileReference; lastKnownFileType = sourcecode.c.h; name = LV_GroupComponent.h; path = "../../Source/UI-Components/LV_GroupComponent.h"; sourceTree = SOURCE_ROOT; };
		04D50A273C736BB832A7C505 /* StyleSheet.h */ /* StyleSheet.h */ = {isa = PBXFileReference; lastKnownFileType = sourcecode.c.h; name = StyleSheet.h; path = ../../Source/Widgets/StyleSheet.h; sourceTree = SOURCE_ROOT; };
		0520B5EF4BB1F06F058313F4 /* juce_audio_devices */ /* juce_audio_devices */ = {isa = PBXFileReference; lastKnownFileType = folder; name = juce_audio_devices; path = /Users/land00m/Documents/GitHub/JUCE/modules/juce_audio_devices; sourceTree = "<absolute>"; };
		056BA0074EA87519ADC871E4 /* juce_core */ /* juce_core */ = {isa = PBXFileReference; lastKnownFileType = folder; name = juce_core; path = /Users/land00m/Documents/GitHub/JUCE/modules/juce_core; sourceTree = "<absolute>"; };
		080968CE3BE90F6302F921C3 /* ViatorDial.h */ /* ViatorDial.h */ = {isa = PBXFileReference; lastKnownFileType = sourcecode.c.h; name = ViatorDial.h; path = ../../Source/ViatorDial.h; sourceTree = SOURCE_ROOT; };
		083A21A007723AC3CB147467 /* JuceHeader.h */ /* JuceHeader.h */ = {isa = PBXFileReference; lastKnownFileType = sourcecode.c.h; name = JuceHeader.h; path = ../../JuceLibraryCode/JuceHeader.h; sourceTree = SOURCE_ROOT; };
		085BBB8DCF4DB66AA5BFEED1 /* juce_dsp */ /* juce_dsp */ = {isa = PBXFileReference; lastKnownFileType = folder; name = juce_dsp; path = /Users/land00m/Documents/GitHub/JUCE/modules/juce_dsp; sourceTree = "<absolute>"; };
		08DE24961514CB690C875A00 /* UI-SaveWindow.cpp */ /* UI-SaveWindow.cpp */ = {isa = PBXFileReference; lastKnownFileType = sourcecode.cpp.cpp; name = "UI-SaveWindow.cpp"; path = "../../Source/UI-Methods/UI-SaveWindow.cpp"; sourceTree = SOURCE_ROOT; };
		0A5AB26B64308A7D7856226B /* juce_audio_utils */ /* juce_audio_utils */ = {isa = PBXFileReference; lastKnownFileType = folder; name = juce_audio_utils; path = /Users/land00m/Documents/GitHub/JUCE/modules/juce_audio_utils; sourceTree = "<absolute>"; };
		0ABC4A5C302DB14F95C74FE4 /* include_juce_gui_extra.mm */ /* include_juce_gui_extra.mm */ = {isa = PBXFileReference; lastKnownFileType = sourcecode.cpp.objcpp; name = include_juce_gui_extra.mm; path = ../../JuceLibraryCode/include_juce_gui_extra.mm; sourceTree = SOURCE_ROOT; };
		0B5F4EE9EC0A96D9D5E013AF /* include_juce_audio_plugin_client_AU_2.mm */ /* include_juce_audio_plugin_client_AU_2.mm */ = {isa = PBXFileReference; lastKnownFileType = sourcecode.cpp.objcpp; name = include_juce_audio_plugin_client_AU_2.mm; path = ../../JuceLibraryCode/include_juce_audio_plugin_client_AU_2.mm; sourceTree = SOURCE_ROOT; };
		0BA1BD2EC6611D6E965F21C0 /* ProcessorCore.cpp */ /* ProcessorCore.cpp */ = {isa = PBXFileReference; lastKnownFileType = sourcecode.cpp.cpp; name = ProcessorCore.cpp; path = ../../Source/ProcessorCore.cpp; sourceTree = SOURCE_ROOT; };
		0EE0B16E3ED50F8149EAB167 /* include_juce_audio_devices.mm */ /* include_juce_audio_devices.mm */ = {isa = PBXFileReference; lastKnownFileType = sourcecode.cpp.objcpp; name = include_juce_audio_devices.mm; path = ../../JuceLibraryCode/include_juce_audio_devices.mm; sourceTree = SOURCE_ROOT; };
		149B980E00C1F701BFDC16B2 /* juce_data_structures */ /* juce_data_structures */ = {isa = PBXFileReference; lastKnownFileType = folder; name = juce_data_structures; path = /Users/land00m/Documents/GitHub/JUCE/modules/juce_data_structures; sourceTree = "<absolute>"; };
		179EEEB39D6592372A30C9C5 /* CoreMIDI.framework */ /* CoreMIDI.framework */ = {isa = PBXFileReference; lastKnownFileType = wrapper.framework; name = CoreMIDI.framework; path = System/Library/Frameworks/CoreMIDI.framework; sourceTree = SDKROOT; };
		1BAFE2420E8BA3748C6A05DE /* juce_audio_processors */ /* juce_audio_processors */ = {isa = PBXFileReference; lastKnownFileType = folder; name = juce_audio_processors; path = /Users/land00m/Documents/GitHub/JUCE/modules/juce_audio_processors; sourceTree = "<absolute>"; };
		1C784E1ADFD38073A70C8007 /* ComponentProps.cpp */ /* ComponentProps.cpp */ = {isa = PBXFileReference; lastKnownFileType = sourcecode.cpp.cpp; name = ComponentProps.cpp; path = ../../Source/ComponentProps.cpp; sourceTree = SOURCE_ROOT; };
		1FB151B481C147B42FFD4CFE /* include_juce_audio_plugin_client_VST_utils.mm */ /* include_juce_audio_plugin_client_VST_utils.mm */ = {isa = PBXFileReference; lastKnownFileType = sourcecode.cpp.objcpp; name = include_juce_audio_plugin_client_VST_utils.mm; path = ../../JuceLibraryCode/include_juce_audio_plugin_client_VST_utils.mm; sourceTree = SOURCE_ROOT; };
		204055BB09300613750CEF30 /* JucePluginDefines.h */ /* JucePluginDefines.h */ = {isa = PBXFileReference; lastKnownFileType = sourcecode.c.h; name = JucePluginDefines.h; path = ../../JuceLibraryCode/JucePluginDefines.h; sourceTree = SOURCE_ROOT; };
		3840EC838A939316EF6CC58F /* juce_gui_basics */ /* juce_gui_basics */ = {isa = PBXFileReference; lastKnownFileType = folder; name = juce_gui_basics; path = /Users/land00m/Documents/GitHub/JUCE/modules/juce_gui_basics; sourceTree = "<absolute>"; };
		385CFDD68621E755924416ED /* UI-Paint.cpp */ /* UI-Paint.cpp */ = {isa = PBXFileReference; lastKnownFileType = sourcecode.cpp.cpp; name = "UI-Paint.cpp"; path = "../../Source/UI-Methods/UI-Paint.cpp"; sourceTree = SOURCE_ROOT; };
		3C71F6099CAA630AB0CA9DA6 /* WebKit.framework */ /* WebKit.framework */ = {isa = PBXFileReference; lastKnownFileType = wrapper.framework; name = WebKit.framework; path = System/Library/Frameworks/WebKit.framework; sourceTree = SDKROOT; };
		3E1E8E269DE512FAA13EC4AA /* LV_LabelComponent.cpp */ /* LV_LabelComponent.cpp */ = {isa = PBXFileReference; lastKnownFileType = sourcecode.cpp.cpp; name = LV_LabelComponent.cpp; path = "../../Source/UI-Components/LV_LabelComponent.cpp"; sourceTree = SOURCE_ROOT; };
		3ED0F25378FA84CDB7EA9898 /* juce_graphics */ /* juce_graphics */ = {isa = PBXFileReference; lastKnownFileType = folder; name = juce_graphics; path = /Users/land00m/Documents/GitHub/JUCE/modules/juce_graphics; sourceTree = "<absolute>"; };
		3EF17E4A701C98357A625A78 /* include_juce_audio_utils.mm */ /* include_juce_audio_utils.mm */ = {isa = PBXFileReference; lastKnownFileType = sourcecode.cpp.objcpp; name = include_juce_audio_utils.mm; path = ../../JuceLibraryCode/include_juce_audio_utils.mm; sourceTree = SOURCE_ROOT; };
		3FFED49833715BDE4FE9DBD8 /* DiscRecording.framework */ /* DiscRecording.framework */ = {isa = PBXFileReference; lastKnownFileType = wrapper.framework; name = DiscRecording.framework; path = System/Library/Frameworks/DiscRecording.framework; sourceTree = SDKROOT; };
		46EB4B80491D2A701F89AC20 /* pluginBackground.png */ /* pluginBackground.png */ = {isa = PBXFileReference; lastKnownFileType = image.png; name = pluginBackground.png; path = ../../Source/Assets/pluginBackground.png; sourceTree = SOURCE_ROOT; };
		49BF17E7C0505988DCDBEB84 /* Info-AU.plist */ /* Info-AU.plist */ = {isa = PBXFileReference; lastKnownFileType = text.plist.xml; name = "Info-AU.plist"; path = "Info-AU.plist"; sourceTree = SOURCE_ROOT; };
		4A252C9A16C3B6184D8E63BD /* Foundation.framework */ /* Foundation.framework */ = {isa = PBXFileReference; lastKnownFileType = wrapper.framework; name = Foundation.framework; path = System/Library/Frameworks/Foundation.framework; sourceTree = SDKROOT; };
		4D21580817FEFC38209C2764 /* VST3 */ = {isa = PBXFileReference; explicitFileType = wrapper.cfbundle; includeInIndex = 0; path = LV50A.vst3; sourceTree = BUILT_PRODUCTS_DIR; };
		4D302E1499990DF55CD8CF46 /* LV_Window.h */ /* LV_Window.h */ = {isa = PBXFileReference; lastKnownFileType = sourcecode.c.h; name = LV_Window.h; path = "../../Source/UI-Components/LV_Window.h"; sourceTree = SOURCE_ROOT; };
		520DE16960F9A025F76FA436 /* include_juce_core.mm */ /* include_juce_core.mm */ = {isa = PBXFileReference; lastKnownFileType = sourcecode.cpp.objcpp; name = include_juce_core.mm; path = ../../JuceLibraryCode/include_juce_core.mm; sourceTree = SOURCE_ROOT; };
		5452C7A059D5C7E0DD77FBAE /* Standalone Plugin */ = {isa = PBXFileReference; explicitFileType = wrapper.application; includeInIndex = 0; path = LV50A.app; sourceTree = BUILT_PRODUCTS_DIR; };
		55BB0091064B0D9899D5B7F2 /* juce_audio_basics */ /* juce_audio_basics */ = {isa = PBXFileReference; lastKnownFileType = folder; name = juce_audio_basics; path = /Users/land00m/Documents/GitHub/JUCE/modules/juce_audio_basics; sourceTree = "<absolute>"; };
		5897B9E9357E9D4A02AE0A88 /* StyleSheet.cpp */ /* StyleSheet.cpp */ = {isa = PBXFileReference; lastKnownFileType = sourcecode.cpp.cpp; name = StyleSheet.cpp; path = ../../Source/Widgets/StyleSheet.cpp; sourceTree = SOURCE_ROOT; };
		594F614924123BD72405D9E8 /* LV_Dial.h */ /* LV_Dial.h */ = {isa = PBXFileReference; lastKnownFileType = sourcecode.c.h; name = LV_Dial.h; path = ../../Source/Widgets/LV_Dial.h; sourceTree = SOURCE_ROOT; };
		59BEDF3136EA8D574B73338F /* LV_SVFIlter.h */ /* LV_SVFIlter.h */ = {isa = PBXFileReference; lastKnownFileType = sourcecode.c.h; name = LV_SVFIlter.h; path = ../../Source/LV_SVFIlter.h; sourceTree = SOURCE_ROOT; };
		5C5EEFE304D7D6F76FC0421A /* AudioUnit.framework */ /* AudioUnit.framework */ = {isa = PBXFileReference; lastKnownFileType = wrapper.framework; name = AudioUnit.framework; path = System/Library/Frameworks/AudioUnit.framework; sourceTree = SDKROOT; };
		5D0FBF013423F967F76BDD41 /* LV_GroupComponent.cpp */ /* LV_GroupComponent.cpp */ = {isa = PBXFileReference; lastKnownFileType = sourcecode.cpp.cpp; name = LV_GroupComponent.cpp; path = "../../Source/UI-Components/LV_GroupComponent.cpp"; sourceTree = SOURCE_ROOT; };
		5F31DA453C47B9957A3C9F4D /* UI-Resized.cpp */ /* UI-Resized.cpp */ = {isa = PBXFileReference; lastKnownFileType = sourcecode.cpp.cpp; name = "UI-Resized.cpp"; path = "../../Source/UI-Methods/UI-Resized.cpp"; sourceTree = SOURCE_ROOT; };
		5FE41BE622963C8C694914A6 /* LV_Toggle.h */ /* LV_Toggle.h */ = {isa = PBXFileReference; lastKnownFileType = sourcecode.c.h; name = LV_Toggle.h; path = ../../Source/Widgets/LV_Toggle.h; sourceTree = SOURCE_ROOT; };
		5FEA6D21D4201994BF742A3D /* LV_PushButtonComponent.h */ /* LV_PushButtonComponent.h */ = {isa = PBXFileReference; lastKnownFileType = sourcecode.c.h; name = LV_PushButtonComponent.h; path = "../../Source/UI-Components/LV_PushButtonComponent.h"; sourceTree = SOURCE_ROOT; };
		613C24118F6F01BE4BFFA317 /* Cocoa.framework */ /* Cocoa.framework */ = {isa = PBXFileReference; lastKnownFileType = wrapper.framework; name = Cocoa.framework; path = System/Library/Frameworks/Cocoa.framework; sourceTree = SDKROOT; };
		63905F04005978DFE83DB203 /* CoreAudioKit.framework */ /* CoreAudioKit.framework */ = {isa = PBXFileReference; lastKnownFileType = wrapper.framework; name = CoreAudioKit.framework; path = System/Library/Frameworks/CoreAudioKit.framework; sourceTree = SDKROOT; };
		6A0B62B6E70CD201D46E0A5E /* LV_DialComponent.h */ /* LV_DialComponent.h */ = {isa = PBXFileReference; lastKnownFileType = sourcecode.c.h; name = LV_DialComponent.h; path = "../../Source/UI-Components/LV_DialComponent.h"; sourceTree = SOURCE_ROOT; };
		7020277AA1337DD5D77E3218 /* AudioToolbox.framework */ /* AudioToolbox.framework */ = {isa = PBXFileReference; lastKnownFileType = wrapper.framework; name = AudioToolbox.framework; path = System/Library/Frameworks/AudioToolbox.framework; sourceTree = SDKROOT; };
		70D2348EF09CAAD6B8564228 /* LV_SVFilter.cpp */ /* LV_SVFilter.cpp */ = {isa = PBXFileReference; lastKnownFileType = sourcecode.cpp.cpp; name = LV_SVFilter.cpp; path = ../../Source/LV_SVFilter.cpp; sourceTree = SOURCE_ROOT; };
		7B5CA0FBA6222DE0DD7BFFBB /* LV_PushButtonComponent.cpp */ /* LV_PushButtonComponent.cpp */ = {isa = PBXFileReference; lastKnownFileType = sourcecode.cpp.cpp; name = LV_PushButtonComponent.cpp; path = "../../Source/UI-Components/LV_PushButtonComponent.cpp"; sourceTree = SOURCE_ROOT; };
		7BE4E76CABA65397463E104F /* AU */ = {isa = PBXFileReference; explicitFileType = wrapper.cfbundle; includeInIndex = 0; path = LV50A.component; sourceTree = BUILT_PRODUCTS_DIR; };
		81C0E2E2BE9A78CA51E9E051 /* Filters.cpp */ /* Filters.cpp */ = {isa = PBXFileReference; lastKnownFileType = sourcecode.cpp.cpp; name = Filters.cpp; path = ../../Source/Filters.cpp; sourceTree = SOURCE_ROOT; };
		81F0DC344923F512AE9D1249 /* landon55-03.png */ /* landon55-03.png */ = {isa = PBXFileReference; lastKnownFileType = image.png; name = "landon55-03.png"; path = "../../Source/Assets/landon55-03.png"; sourceTree = SOURCE_ROOT; };
		8490B2E4C5641DF8096A8E6C /* BinaryData.h */ /* BinaryData.h */ = {isa = PBXFileReference; lastKnownFileType = sourcecode.c.h; name = BinaryData.h; path = ../../JuceLibraryCode/BinaryData.h; sourceTree = SOURCE_ROOT; };
		858160A9B98596F9A398B235 /* include_juce_audio_plugin_client_AU_1.mm */ /* include_juce_audio_plugin_client_AU_1.mm */ = {isa = PBXFileReference; lastKnownFileType = sourcecode.cpp.objcpp; name = include_juce_audio_plugin_client_AU_1.mm; path = ../../JuceLibraryCode/include_juce_audio_plugin_client_AU_1.mm; sourceTree = SOURCE_ROOT; };
		86F1EE5545CC7AE10C3F04E9 /* UI-Constructor.cpp */ /* UI-Constructor.cpp */ = {isa = PBXFileReference; lastKnownFileType = sourcecode.cpp.cpp; name = "UI-Constructor.cpp"; path = "../../Source/UI-Methods/UI-Constructor.cpp"; sourceTree = SOURCE_ROOT; };
		88FECACC26AFA6CE87D3E615 /* UI-InitWindow.cpp */ /* UI-InitWindow.cpp */ = {isa = PBXFileReference; lastKnownFileType = sourcecode.cpp.cpp; name = "UI-InitWindow.cpp"; path = "../../Source/UI-Methods/UI-InitWindow.cpp"; sourceTree = SOURCE_ROOT; };
		8ACF227232CE64F24B9714BC /* include_juce_audio_plugin_client_VST3.cpp */ /* include_juce_audio_plugin_client_VST3.cpp */ = {isa = PBXFileReference; lastKnownFileType = sourcecode.cpp.cpp; name = include_juce_audio_plugin_client_VST3.cpp; path = ../../JuceLibraryCode/include_juce_audio_plugin_client_VST3.cpp; sourceTree = SOURCE_ROOT; };
		8C85DC34F17389A59BD6DFCD /* include_juce_dsp.mm */ /* include_juce_dsp.mm */ = {isa = PBXFileReference; lastKnownFileType = sourcecode.cpp.objcpp; name = include_juce_dsp.mm; path = ../../JuceLibraryCode/include_juce_dsp.mm; sourceTree = SOURCE_ROOT; };
		8E597A5944A75BBE3D8A96AD /* include_juce_audio_processors.mm */ /* include_juce_audio_processors.mm */ = {isa = PBXFileReference; lastKnownFileType = sourcecode.cpp.objcpp; name = include_juce_audio_processors.mm; path = ../../JuceLibraryCode/include_juce_audio_processors.mm; sourceTree = SOURCE_ROOT; };
		92530E243C2043BBC801FD3F /* landon55-04.png */ /* landon55-04.png */ = {isa = PBXFileReference; lastKnownFileType = image.png; name = "landon55-04.png"; path = "../../Source/Assets/landon55-04.png"; sourceTree = SOURCE_ROOT; };
		94ED20204CD56637AE628661 /* LV_GroupComponent.h */ /* LV_GroupComponent.h */ = {isa = PBXFileReference; lastKnownFileType = sourcecode.c.h; name = LV_GroupComponent.h; path = ../../Source/Widgets/LV_GroupComponent.h; sourceTree = SOURCE_ROOT; };
		9886B25C065A4893E3210661 /* Info-Standalone_Plugin.plist */ /* Info-Standalone_Plugin.plist */ = {isa = PBXFileReference; lastKnownFileType = text.plist.xml; name = "Info-Standalone_Plugin.plist"; path = "Info-Standalone_Plugin.plist"; sourceTree = SOURCE_ROOT; };
		9A283CF2142D4600F4221DAC /* LV_FaderComponent.h */ /* LV_FaderComponent.h */ = {isa = PBXFileReference; lastKnownFileType = sourcecode.c.h; name = LV_FaderComponent.h; path = "../../Source/UI-Components/LV_FaderComponent.h"; sourceTree = SOURCE_ROOT; };
		9F44FF9A4FFBAC2178C72E71 /* LV_Fader.h */ /* LV_Fader.h */ = {isa = PBXFileReference; lastKnownFileType = sourcecode.c.h; name = LV_Fader.h; path = ../../Source/Widgets/LV_Fader.h; sourceTree = SOURCE_ROOT; };
		A1B276A0C63BA79C927FCEE8 /* include_juce_audio_plugin_client_Standalone.cpp */ /* include_juce_audio_plugin_client_Standalone.cpp */ = {isa = PBXFileReference; lastKnownFileType = sourcecode.cpp.cpp; name = include_juce_audio_plugin_client_Standalone.cpp; path = ../../JuceLibraryCode/include_juce_audio_plugin_client_Standalone.cpp; sourceTree = SOURCE_ROOT; };
		A27C8BC1245C1511F598407A /* LV_Label.h */ /* LV_Label.h */ = {isa = PBXFileReference; lastKnownFileType = sourcecode.c.h; name = LV_Label.h; path = ../../Source/Widgets/LV_Label.h; sourceTree = SOURCE_ROOT; };
		A54536711F710477CBEB0E75 /* LV_Window.cpp */ /* LV_Window.cpp */ = {isa = PBXFileReference; lastKnownFileType = sourcecode.cpp.cpp; name = LV_Window.cpp; path = "../../Source/UI-Components/LV_Window.cpp"; sourceTree = SOURCE_ROOT; };
		A5C738BF95F89C081F11889A /* juce_audio_formats */ /* juce_audio_formats */ = {isa = PBXFileReference; lastKnownFileType = folder; name = juce_audio_formats; path = /Users/land00m/Documents/GitHub/JUCE/modules/juce_audio_formats; sourceTree = "<absolute>"; };
		A618510AF6C0E2D508A5F700 /* include_juce_audio_plugin_client_AU.r */ /* include_juce_audio_plugin_client_AU.r */ = {isa = PBXFileReference; lastKnownFileType = file.r; name = include_juce_audio_plugin_client_AU.r; path = ../../JuceLibraryCode/include_juce_audio_plugin_client_AU.r; sourceTree = SOURCE_ROOT; };
		A7A8F5E4A5DA81DCE1A24BC3 /* include_juce_data_structures.mm */ /* include_juce_data_structures.mm */ = {isa = PBXFileReference; lastKnownFileType = sourcecode.cpp.objcpp; name = include_juce_data_structures.mm; path = ../../JuceLibraryCode/include_juce_data_structures.mm; sourceTree = SOURCE_ROOT; };
		A8E7F0B8CBB4ED3688B0651D /* LV_MenuComponent.h */ /* LV_MenuComponent.h */ = {isa = PBXFileReference; lastKnownFileType = sourcecode.c.h; name = LV_MenuComponent.h; path = "../../Source/UI-Components/LV_MenuComponent.h"; sourceTree = SOURCE_ROOT; };
		ACDA2E98F06211D6DF1FBFF7 /* include_juce_audio_basics.mm */ /* include_juce_audio_basics.mm */ = {isa = PBXFileReference; lastKnownFileType = sourcecode.cpp.objcpp; name = include_juce_audio_basics.mm; path = ../../JuceLibraryCode/include_juce_audio_basics.mm; sourceTree = SOURCE_ROOT; };
		ACE6FB7AC0F127E030E9648F /* include_juce_events.mm */ /* include_juce_events.mm */ = {isa = PBXFileReference; lastKnownFileType = sourcecode.cpp.objcpp; name = include_juce_events.mm; path = ../../JuceLibraryCode/include_juce_events.mm; sourceTree = SOURCE_ROOT; };
		B03DD7B73208941DAF642298 /* Info-VST3.plist */ /* Info-VST3.plist */ = {isa = PBXFileReference; lastKnownFileType = text.plist.xml; name = "Info-VST3.plist"; path = "Info-VST3.plist"; sourceTree = SOURCE_ROOT; };
		B07B88A895289C8712F91285 /* Accelerate.framework */ /* Accelerate.framework */ = {isa = PBXFileReference; lastKnownFileType = wrapper.framework; name = Accelerate.framework; path = System/Library/Frameworks/Accelerate.framework; sourceTree = SDKROOT; };
		B42E7D847F730F3E7254E0CC /* BinaryData.cpp */ /* BinaryData.cpp */ = {isa = PBXFileReference; lastKnownFileType = sourcecode.cpp.cpp; name = BinaryData.cpp; path = ../../JuceLibraryCode/BinaryData.cpp; sourceTree = SOURCE_ROOT; };
		B5627912B474B90345D0AFBB /* LV_PowerToggle.h */ /* LV_PowerToggle.h */ = {isa = PBXFileReference; lastKnownFileType = sourcecode.c.h; name = LV_PowerToggle.h; path = "../../Source/UI-Components/LV_PowerToggle.h"; sourceTree = SOURCE_ROOT; };
		BA54FA60042A41E137C78C77 /* LV_MenuComponent.cpp */ /* LV_MenuComponent.cpp */ = {isa = PBXFileReference; lastKnownFileType = sourcecode.cpp.cpp; name = LV_MenuComponent.cpp; path = "../../Source/UI-Components/LV_MenuComponent.cpp"; sourceTree = SOURCE_ROOT; };
		BF5F519B2943D1708EE1661D /* include_juce_graphics.mm */ /* include_juce_graphics.mm */ = {isa = PBXFileReference; lastKnownFileType = sourcecode.cpp.objcpp; name = include_juce_graphics.mm; path = ../../JuceLibraryCode/include_juce_graphics.mm; sourceTree = SOURCE_ROOT; };
		C2190F00329F613CD934AA26 /* LV_FaderComponent.cpp */ /* LV_FaderComponent.cpp */ = {isa = PBXFileReference; lastKnownFileType = sourcecode.cpp.cpp; name = LV_FaderComponent.cpp; path = "../../Source/UI-Components/LV_FaderComponent.cpp"; sourceTree = SOURCE_ROOT; };
		C3923519DC1B48F706C393C3 /* LV_LabelComponent.h */ /* LV_LabelComponent.h */ = {isa = PBXFileReference; lastKnownFileType = sourcecode.c.h; name = LV_LabelComponent.h; path = "../../Source/UI-Components/LV_LabelComponent.h"; sourceTree = SOURCE_ROOT; };
		C40F9479D45A136ABE9A2BDE /* QuartzCore.framework */ /* QuartzCore.framework */ = {isa = PBXFileReference; lastKnownFileType = wrapper.framework; name = QuartzCore.framework; path = System/Library/Frameworks/QuartzCore.framework; sourceTree = SDKROOT; };
		C614504507640318AA824AB3 /* juce_gui_extra */ /* juce_gui_extra */ = {isa = PBXFileReference; lastKnownFileType = folder; name = juce_gui_extra; path = /Users/land00m/Documents/GitHub/JUCE/modules/juce_gui_extra; sourceTree = "<absolute>"; };
		C838177873771729F38B3996 /* juce_events */ /* juce_events */ = {isa = PBXFileReference; lastKnownFileType = folder; name = juce_events; path = /Users/land00m/Documents/GitHub/JUCE/modules/juce_events; sourceTree = "<absolute>"; };
		C8464AFB81BF1929D18C0A70 /* CoreAudio.framework */ /* CoreAudio.framework */ = {isa = PBXFileReference; lastKnownFileType = wrapper.framework; name = CoreAudio.framework; path = System/Library/Frameworks/CoreAudio.framework; sourceTree = SDKROOT; };
		C950A25805EC05FBF27D25BC /* PluginProcessor.h */ /* PluginProcessor.h */ = {isa = PBXFileReference; lastKnownFileType = sourcecode.c.h; name = PluginProcessor.h; path = ../../Source/PluginProcessor.h; sourceTree = SOURCE_ROOT; };
		C952553C32D9E9C2E56EA6E2 /* Carbon.framework */ /* Carbon.framework */ = {isa = PBXFileReference; lastKnownFileType = wrapper.framework; name = Carbon.framework; path = System/Library/Frameworks/Carbon.framework; sourceTree = SDKROOT; };
		C9580ABF6A9AC4707CCDBEF8 /* IOKit.framework */ /* IOKit.framework */ = {isa = PBXFileReference; lastKnownFileType = wrapper.framework; name = IOKit.framework; path = System/Library/Frameworks/IOKit.framework; sourceTree = SDKROOT; };
		CC0644A3EE54DD8D67A282F7 /* include_juce_audio_plugin_client_utils.cpp */ /* include_juce_audio_plugin_client_utils.cpp */ = {isa = PBXFileReference; lastKnownFileType = sourcecode.cpp.cpp; name = include_juce_audio_plugin_client_utils.cpp; path = ../../JuceLibraryCode/include_juce_audio_plugin_client_utils.cpp; sourceTree = SOURCE_ROOT; };
		D3D8D39CC4D6F2C06AE02BAD /* pluginBackground2.png */ /* pluginBackground2.png */ = {isa = PBXFileReference; lastKnownFileType = image.png; name = pluginBackground2.png; path = ../../Source/Assets/pluginBackground2.png; sourceTree = SOURCE_ROOT; };
		D9F10D5DC47CBC361697A9B1 /* LV_PowerToggle.cpp */ /* LV_PowerToggle.cpp */ = {isa = PBXFileReference; lastKnownFileType = sourcecode.cpp.cpp; name = LV_PowerToggle.cpp; path = "../../Source/UI-Components/LV_PowerToggle.cpp"; sourceTree = SOURCE_ROOT; };
		DD5477F3C1B408C75E6AD8D1 /* juce_audio_plugin_client */ /* juce_audio_plugin_client */ = {isa = PBXFileReference; lastKnownFileType = folder; name = juce_audio_plugin_client; path = /Users/land00m/Documents/GitHub/JUCE/modules/juce_audio_plugin_client; sourceTree = "<absolute>"; };
		E3507366137F595EFAEC3977 /* include_juce_audio_formats.mm */ /* include_juce_audio_formats.mm */ = {isa = PBXFileReference; lastKnownFileType = sourcecode.cpp.objcpp; name = include_juce_audio_formats.mm; path = ../../JuceLibraryCode/include_juce_audio_formats.mm; sourceTree = SOURCE_ROOT; };
		E4F92D1646A9104842A94ADC /* include_juce_gui_basics.mm */ /* include_juce_gui_basics.mm */ = {isa = PBXFileReference; lastKnownFileType = sourcecode.cpp.objcpp; name = include_juce_gui_basics.mm; path = ../../JuceLibraryCode/include_juce_gui_basics.mm; sourceTree = SOURCE_ROOT; };
		E87455DEC51C8BD95EA526AC /* LV_PushButton.h */ /* LV_PushButton.h */ = {isa = PBXFileReference; lastKnownFileType = sourcecode.c.h; name = LV_PushButton.h; path = ../../Source/Widgets/LV_PushButton.h; sourceTree = SOURCE_ROOT; };
		EEE37AA8E4A3A49A01EB1608 /* PluginEditor.h */ /* PluginEditor.h */ = {isa = PBXFileReference; lastKnownFileType = sourcecode.c.h; name = PluginEditor.h; path = ../../Source/PluginEditor.h; sourceTree = SOURCE_ROOT; };
		EF7BC0542B028AFABC48B4A6 /* BinaryData2.cpp */ /* BinaryData2.cpp */ = {isa = PBXFileReference; lastKnownFileType = sourcecode.cpp.cpp; name = BinaryData2.cpp; path = ../../JuceLibraryCode/BinaryData2.cpp; sourceTree = SOURCE_ROOT; };
		EF98DB10E7A0058DEA040DAC /* UIFlexBox.cpp */ /* UIFlexBox.cpp */ = {isa = PBXFileReference; lastKnownFileType = sourcecode.cpp.cpp; name = UIFlexBox.cpp; path = ../../Source/UIFlexBox.cpp; sourceTree = SOURCE_ROOT; };
		F3B3DF907F6E46F2083EF585 /* PluginEditor.cpp */ /* PluginEditor.cpp */ = {isa = PBXFileReference; lastKnownFileType = sourcecode.cpp.cpp; name = PluginEditor.cpp; path = ../../Source/PluginEditor.cpp; sourceTree = SOURCE_ROOT; };
		FC94C447065C6E3C10A2CD25 /* RecentFilesMenuTemplate.nib */ /* RecentFilesMenuTemplate.nib */ = {isa = PBXFileReference; lastKnownFileType = file.nib; name = RecentFilesMenuTemplate.nib; path = RecentFilesMenuTemplate.nib; sourceTree = SOURCE_ROOT; };
		FD0AE0FAEFBB3AE4880BDE9B /* LV_Menu.h */ /* LV_Menu.h */ = {isa = PBXFileReference; lastKnownFileType = sourcecode.c.h; name = LV_Menu.h; path = ../../Source/Widgets/LV_Menu.h; sourceTree = SOURCE_ROOT; };
		FF8AF7CCE9A9B2F626E5E0DF /* PluginProcessor.cpp */ /* PluginProcessor.cpp */ = {isa = PBXFileReference; lastKnownFileType = sourcecode.cpp.cpp; name = PluginProcessor.cpp; path = ../../Source/PluginProcessor.cpp; sourceTree = SOURCE_ROOT; };
/* End PBXFileReference section */

/* Begin PBXFrameworksBuildPhase section */
		1AF07CD7AB050F9D863DD861 = {
			isa = PBXFrameworksBuildPhase;
			buildActionMask = 2147483647;
			files = (
				A61F703A60BE0E99B4EB85A8,
				FF7AAC2D24BDF976BD288BA3,
				A209ED49C9C0BA7FE3DA9426,
				71B6F2200AFA4E929CD2BCBA,
				7DC53AD18ADF9FC5F608F558,
				E86F0CCCC5519A3A577A1FE7,
				01A1FC518AA069BF9855E887,
				C1729EBE39251A519848BE33,
				0E50DCC040E32DCD54E8F60F,
				51671F7201A0999FEA868507,
				DBF2FB801B10DD767155189A,
				B20D94EA4F08EA9D143A779A,
				316A76BFB6C7436619EEA1D5,
			);
			runOnlyForDeploymentPostprocessing = 0;
		};
		AEAC40F05A5CA5E8B48FD5A3 = {
			isa = PBXFrameworksBuildPhase;
			buildActionMask = 2147483647;
			files = (
				FF7AAC2D24BDF976BD288BA3,
				A209ED49C9C0BA7FE3DA9426,
				71B6F2200AFA4E929CD2BCBA,
				7DC53AD18ADF9FC5F608F558,
				E86F0CCCC5519A3A577A1FE7,
				01A1FC518AA069BF9855E887,
				C1729EBE39251A519848BE33,
				0E50DCC040E32DCD54E8F60F,
				51671F7201A0999FEA868507,
				DBF2FB801B10DD767155189A,
				B20D94EA4F08EA9D143A779A,
				316A76BFB6C7436619EEA1D5,
			);
			runOnlyForDeploymentPostprocessing = 0;
		};
		D993C0EC04BF00E6D571086C = {
			isa = PBXFrameworksBuildPhase;
			buildActionMask = 2147483647;
			files = (
				FF7AAC2D24BDF976BD288BA3,
				A209ED49C9C0BA7FE3DA9426,
				71B6F2200AFA4E929CD2BCBA,
				7DC53AD18ADF9FC5F608F558,
				E86F0CCCC5519A3A577A1FE7,
				01A1FC518AA069BF9855E887,
				C1729EBE39251A519848BE33,
				0E50DCC040E32DCD54E8F60F,
				51671F7201A0999FEA868507,
				DBF2FB801B10DD767155189A,
				B20D94EA4F08EA9D143A779A,
				316A76BFB6C7436619EEA1D5,
			);
			runOnlyForDeploymentPostprocessing = 0;
		};
/* End PBXFrameworksBuildPhase section */

/* Begin PBXGroup section */
		0789616A5AA12B45EB039FD2 /* DSP */ = {
			isa = PBXGroup;
			children = (
				70D2348EF09CAAD6B8564228,
				59BEDF3136EA8D574B73338F,
				81C0E2E2BE9A78CA51E9E051,
				0BA1BD2EC6611D6E965F21C0,
			);
			name = DSP;
			sourceTree = "<group>";
		};
		14E83BFC3CB00B90F8BA997E /* LV50A */ = {
			isa = PBXGroup;
			children = (
				50D03C2C14F702F06C285E3D,
			);
			name = LV50A;
			sourceTree = "<group>";
		};
		16674BB963EC6CC38C8FAE29 /* Resources */ = {
			isa = PBXGroup;
			children = (
				B03DD7B73208941DAF642298,
				49BF17E7C0505988DCDBEB84,
				9886B25C065A4893E3210661,
				FC94C447065C6E3C10A2CD25,
			);
			name = Resources;
			sourceTree = "<group>";
		};
		277DB2905D1BEC8DC64B10D2 /* UI-Methods */ = {
			isa = PBXGroup;
			children = (
				86F1EE5545CC7AE10C3F04E9,
				88FECACC26AFA6CE87D3E615,
				385CFDD68621E755924416ED,
				5F31DA453C47B9957A3C9F4D,
				08DE24961514CB690C875A00,
			);
			name = "UI-Methods";
			sourceTree = "<group>";
		};
		2A2FB9F60F3211C6EDF40CF4 /* Frameworks */ = {
			isa = PBXGroup;
			children = (
				5C5EEFE304D7D6F76FC0421A,
				B07B88A895289C8712F91285,
				7020277AA1337DD5D77E3218,
				C952553C32D9E9C2E56EA6E2,
				613C24118F6F01BE4BFFA317,
				C8464AFB81BF1929D18C0A70,
				63905F04005978DFE83DB203,
				179EEEB39D6592372A30C9C5,
				3FFED49833715BDE4FE9DBD8,
				4A252C9A16C3B6184D8E63BD,
				C9580ABF6A9AC4707CCDBEF8,
				C40F9479D45A136ABE9A2BDE,
				3C71F6099CAA630AB0CA9DA6,
			);
			name = Frameworks;
			sourceTree = "<group>";
		};
		3D374A8F29CC7EFBA33BC3FA /* Assets */ = {
			isa = PBXGroup;
			children = (
				81F0DC344923F512AE9D1249,
				92530E243C2043BBC801FD3F,
				46EB4B80491D2A701F89AC20,
				D3D8D39CC4D6F2C06AE02BAD,
			);
			name = Assets;
			sourceTree = "<group>";
		};
		4A0D5F9630F6DB604D9A9D55 /* UI */ = {
			isa = PBXGroup;
			children = (
				1C784E1ADFD38073A70C8007,
				080968CE3BE90F6302F921C3,
				EF98DB10E7A0058DEA040DAC,
			);
			name = UI;
			sourceTree = "<group>";
		};
		50D03C2C14F702F06C285E3D /* Source */ = {
			isa = PBXGroup;
			children = (
				3D374A8F29CC7EFBA33BC3FA,
				F4E5767BAF479B0E8E4DDACC,
				277DB2905D1BEC8DC64B10D2,
				F184C9402014016E7A5C9B7A,
				0789616A5AA12B45EB039FD2,
				4A0D5F9630F6DB604D9A9D55,
				FF8AF7CCE9A9B2F626E5E0DF,
				C950A25805EC05FBF27D25BC,
				F3B3DF907F6E46F2083EF585,
				EEE37AA8E4A3A49A01EB1608,
			);
			name = Source;
			sourceTree = "<group>";
		};
		71C478B978640733A0EF762D /* Products */ = {
			isa = PBXGroup;
			children = (
				4D21580817FEFC38209C2764,
				7BE4E76CABA65397463E104F,
				5452C7A059D5C7E0DD77FBAE,
				019ED07CC0552D2D7E7418A8,
			);
			name = Products;
			sourceTree = "<group>";
		};
		775801E2B15F1A6AF344427A /* Source */ = {
			isa = PBXGroup;
			children = (
				14E83BFC3CB00B90F8BA997E,
				B9937350D69D0036F069E25D,
				A3E0B8AFFD69AC0B27A8ACE5,
				16674BB963EC6CC38C8FAE29,
				2A2FB9F60F3211C6EDF40CF4,
				71C478B978640733A0EF762D,
			);
			name = Source;
			sourceTree = "<group>";
		};
		A3E0B8AFFD69AC0B27A8ACE5 /* JUCE Library Code */ = {
			isa = PBXGroup;
			children = (
				B42E7D847F730F3E7254E0CC,
				8490B2E4C5641DF8096A8E6C,
				EF7BC0542B028AFABC48B4A6,
				ACDA2E98F06211D6DF1FBFF7,
				0EE0B16E3ED50F8149EAB167,
				E3507366137F595EFAEC3977,
				A618510AF6C0E2D508A5F700,
				858160A9B98596F9A398B235,
				0B5F4EE9EC0A96D9D5E013AF,
				A1B276A0C63BA79C927FCEE8,
				CC0644A3EE54DD8D67A282F7,
				1FB151B481C147B42FFD4CFE,
				8ACF227232CE64F24B9714BC,
				8E597A5944A75BBE3D8A96AD,
				3EF17E4A701C98357A625A78,
				520DE16960F9A025F76FA436,
				A7A8F5E4A5DA81DCE1A24BC3,
				8C85DC34F17389A59BD6DFCD,
				ACE6FB7AC0F127E030E9648F,
				BF5F519B2943D1708EE1661D,
				E4F92D1646A9104842A94ADC,
				0ABC4A5C302DB14F95C74FE4,
				083A21A007723AC3CB147467,
				204055BB09300613750CEF30,
			);
			name = "JUCE Library Code";
			sourceTree = "<group>";
		};
		B9937350D69D0036F069E25D /* JUCE Modules */ = {
			isa = PBXGroup;
			children = (
				55BB0091064B0D9899D5B7F2,
				0520B5EF4BB1F06F058313F4,
				A5C738BF95F89C081F11889A,
				DD5477F3C1B408C75E6AD8D1,
				1BAFE2420E8BA3748C6A05DE,
				0A5AB26B64308A7D7856226B,
				056BA0074EA87519ADC871E4,
				149B980E00C1F701BFDC16B2,
				085BBB8DCF4DB66AA5BFEED1,
				C838177873771729F38B3996,
				3ED0F25378FA84CDB7EA9898,
				3840EC838A939316EF6CC58F,
				C614504507640318AA824AB3,
			);
			name = "JUCE Modules";
			sourceTree = "<group>";
		};
		F184C9402014016E7A5C9B7A /* Widgets */ = {
			isa = PBXGroup;
			children = (
				594F614924123BD72405D9E8,
				9F44FF9A4FFBAC2178C72E71,
				94ED20204CD56637AE628661,
				A27C8BC1245C1511F598407A,
				FD0AE0FAEFBB3AE4880BDE9B,
				E87455DEC51C8BD95EA526AC,
				5FE41BE622963C8C694914A6,
				5897B9E9357E9D4A02AE0A88,
				04D50A273C736BB832A7C505,
			);
			name = Widgets;
			sourceTree = "<group>";
		};
		F4E5767BAF479B0E8E4DDACC /* UI-Components */ = {
			isa = PBXGroup;
			children = (
				010B2D18722BA00811E6840B,
				6A0B62B6E70CD201D46E0A5E,
				C2190F00329F613CD934AA26,
				9A283CF2142D4600F4221DAC,
				5D0FBF013423F967F76BDD41,
				0484B9DAA384AE4630AD603B,
				3E1E8E269DE512FAA13EC4AA,
				C3923519DC1B48F706C393C3,
				BA54FA60042A41E137C78C77,
				A8E7F0B8CBB4ED3688B0651D,
				D9F10D5DC47CBC361697A9B1,
				B5627912B474B90345D0AFBB,
				7B5CA0FBA6222DE0DD7BFFBB,
				5FEA6D21D4201994BF742A3D,
				A54536711F710477CBEB0E75,
				4D302E1499990DF55CD8CF46,
			);
			name = "UI-Components";
			sourceTree = "<group>";
		};
/* End PBXGroup section */

/* Begin PBXNativeTarget section */
		88A5D8CD10AE362C78192547 /* LV50A - Shared Code */ = {
			isa = PBXNativeTarget;
			buildConfigurationList = 955B6EE5FCCEBD346E75FB70;
			buildPhases = (
				A7D4D701F9605D8028A81A3C,
			);
			buildRules = (
			);
			dependencies = (
			);
			name = "LV50A - Shared Code";
			productName = LV50A;
			productReference = 019ED07CC0552D2D7E7418A8;
			productType = "com.apple.product-type.library.static";
		};
		96208385851267D52A5B8BC0 /* LV50A - Standalone Plugin */ = {
			isa = PBXNativeTarget;
			buildConfigurationList = 3C733A42720B53E7DC20604C;
			buildPhases = (
				A0B2A1E62E42A7C9DC3E8500,
				1AE0360D9E4022260EA6942C,
				AEAC40F05A5CA5E8B48FD5A3,
			);
			buildRules = (
			);
			dependencies = (
				A51A3CADA8DD251BDDBB5509,
			);
			name = "LV50A - Standalone Plugin";
			productName = LV50A;
			productReference = 5452C7A059D5C7E0DD77FBAE;
			productType = "com.apple.product-type.application";
		};
		E6B190DBEC2A364E6FE6202C /* LV50A - AU */ = {
			isa = PBXNativeTarget;
			buildConfigurationList = E316E57D4309FA6B23E8D976;
			buildPhases = (
				A80172C1CF78C9C1B1C99746,
				C00A70AB2727815EBAFDE048,
				8ABE061A848E62BD29049E36,
				1AF07CD7AB050F9D863DD861,
			);
			buildRules = (
			);
			dependencies = (
				2A28199488412DADE07464D6,
			);
			name = "LV50A - AU";
			productName = LV50A;
			productReference = 7BE4E76CABA65397463E104F;
			productType = "com.apple.product-type.bundle";
		};
		FAE190526BD4F1551270B0AB /* LV50A - VST3 */ = {
			isa = PBXNativeTarget;
			buildConfigurationList = 372A5296A6887B076150D571;
			buildPhases = (
				8DB1B081DF72FDEF49B5359C,
				E99E46470C19105B382ABF20,
				D993C0EC04BF00E6D571086C,
			);
			buildRules = (
			);
			dependencies = (
				E1816A68530E0188CEBA39C2,
			);
			name = "LV50A - VST3";
			productName = LV50A;
			productReference = 4D21580817FEFC38209C2764;
			productType = "com.apple.product-type.bundle";
		};
/* End PBXNativeTarget section */

/* Begin PBXProject section */
		904DE83E13C35D89D1704C42 = {
			isa = PBXProject;
			attributes = {
				LastUpgradeCheck = 1300;
				ORGANIZATIONNAME = "";
				TargetAttributes = {
					01A0DB2E2D3D70E68C6F5BC5 = {
						SystemCapabilities = {
							com.apple.ApplicationGroups.iOS = {
								enabled = 0;
							};
							com.apple.HardenedRuntime = {
								enabled = 0;
							};
							com.apple.InAppPurchase = {
								enabled = 0;
							};
							com.apple.InterAppAudio = {
								enabled = 0;
							};
							com.apple.Push = {
								enabled = 0;
							};
							com.apple.Sandbox = {
								enabled = 0;
							};
						};
					};
					88A5D8CD10AE362C78192547 = {
						SystemCapabilities = {
							com.apple.ApplicationGroups.iOS = {
								enabled = 0;
							};
							com.apple.HardenedRuntime = {
								enabled = 0;
							};
							com.apple.InAppPurchase = {
								enabled = 0;
							};
							com.apple.InterAppAudio = {
								enabled = 0;
							};
							com.apple.Push = {
								enabled = 0;
							};
							com.apple.Sandbox = {
								enabled = 0;
							};
						};
					};
					96208385851267D52A5B8BC0 = {
						SystemCapabilities = {
							com.apple.ApplicationGroups.iOS = {
								enabled = 0;
							};
							com.apple.HardenedRuntime = {
								enabled = 0;
							};
							com.apple.InAppPurchase = {
								enabled = 0;
							};
							com.apple.InterAppAudio = {
								enabled = 0;
							};
							com.apple.Push = {
								enabled = 0;
							};
							com.apple.Sandbox = {
								enabled = 0;
							};
						};
					};
					E6B190DBEC2A364E6FE6202C = {
						SystemCapabilities = {
							com.apple.ApplicationGroups.iOS = {
								enabled = 0;
							};
							com.apple.HardenedRuntime = {
								enabled = 0;
							};
							com.apple.InAppPurchase = {
								enabled = 0;
							};
							com.apple.InterAppAudio = {
								enabled = 0;
							};
							com.apple.Push = {
								enabled = 0;
							};
							com.apple.Sandbox = {
								enabled = 0;
							};
						};
					};
					FAE190526BD4F1551270B0AB = {
						SystemCapabilities = {
							com.apple.ApplicationGroups.iOS = {
								enabled = 0;
							};
							com.apple.HardenedRuntime = {
								enabled = 0;
							};
							com.apple.InAppPurchase = {
								enabled = 0;
							};
							com.apple.InterAppAudio = {
								enabled = 0;
							};
							com.apple.Push = {
								enabled = 0;
							};
							com.apple.Sandbox = {
								enabled = 0;
							};
						};
					};
				};
			};
			buildConfigurationList = C076A3C7C61EA06E40CC401F;
			compatibilityVersion = "Xcode 3.2";
			hasScannedForEncodings = 0;
			knownRegions = (
				en,
				Base,
			);
			mainGroup = 775801E2B15F1A6AF344427A;
			projectDirPath = "";
			projectRoot = "";
			targets = (
				01A0DB2E2D3D70E68C6F5BC5,
				FAE190526BD4F1551270B0AB,
				E6B190DBEC2A364E6FE6202C,
				96208385851267D52A5B8BC0,
				88A5D8CD10AE362C78192547,
			);
		};
/* End PBXProject section */

/* Begin PBXResourcesBuildPhase section */
		8DB1B081DF72FDEF49B5359C = {
			isa = PBXResourcesBuildPhase;
			buildActionMask = 2147483647;
			files = (
				13E14EB57E5B8B86318FCED2,
			);
			runOnlyForDeploymentPostprocessing = 0;
		};
		A0B2A1E62E42A7C9DC3E8500 = {
			isa = PBXResourcesBuildPhase;
			buildActionMask = 2147483647;
			files = (
				13E14EB57E5B8B86318FCED2,
			);
			runOnlyForDeploymentPostprocessing = 0;
		};
		A80172C1CF78C9C1B1C99746 = {
			isa = PBXResourcesBuildPhase;
			buildActionMask = 2147483647;
			files = (
				13E14EB57E5B8B86318FCED2,
			);
			runOnlyForDeploymentPostprocessing = 0;
		};
/* End PBXResourcesBuildPhase section */

/* Begin PBXRezBuildPhase section */
		C00A70AB2727815EBAFDE048 = {
			isa = PBXRezBuildPhase;
			buildActionMask = 2147483647;
			files = (
				F7348DDFCF7841D548D53D47,
			);
			runOnlyForDeploymentPostprocessing = 0;
		};
/* End PBXRezBuildPhase section */

/* Begin PBXSourcesBuildPhase section */
		1AE0360D9E4022260EA6942C = {
			isa = PBXSourcesBuildPhase;
			buildActionMask = 2147483647;
			files = (
				80A4F16EF1D795867F5C5B60,
			);
			runOnlyForDeploymentPostprocessing = 0;
		};
		8ABE061A848E62BD29049E36 = {
			isa = PBXSourcesBuildPhase;
			buildActionMask = 2147483647;
			files = (
				AAC15C2CBFBD4C2726193B1D,
				1C69206F3D5DED018F06B9AD,
			);
			runOnlyForDeploymentPostprocessing = 0;
		};
		A7D4D701F9605D8028A81A3C = {
			isa = PBXSourcesBuildPhase;
			buildActionMask = 2147483647;
			files = (
				D3D415297CDA8467FE164301,
				152515F121413AB334E81FC5,
				ABC8B0674B488C934C8CA1E0,
				E2000EAF58106069389FAC23,
				9BCAD165EA42C8D36D9171BB,
				D86320E1195284072A42C300,
				7EEC21E3A5A46BEE6FCBC90B,
				C0E96E69D7F88E171319D4F0,
				DC52498882488801007F34BD,
				1A87F061638E13BC1BAC299A,
				757B6180925AA67FE7D1EBDD,
				C63230ABA001135876300D59,
				6ABEA11E7133144E8E75B49B,
				42F7C95AEFC5412A29D6C017,
				74A9690932F6291A08AE5047,
				64C2434F136921B7AEB60928,
				39E56AC844D900E1E5D110CB,
				F39CFC3B24FD6E7DE53DE03C,
				B7E783834733366930BD5C8D,
				77DE7FBD7BD32036307BBB37,
				6D9321571000D2BB9884C1DC,
				D60BA6572D6DE133685E11CC,
				BE75849A7F10FEFF3C3CAD84,
				D3A3407627FE7D8EC573C657,
				CC28106F83A99DBC94DDF08A,
				98725CE4A5DDD666AADA1A5B,
				9A4BDE2209FC1F2A40D2843E,
				F88CFF60BB552752DFF96B0C,
				E1DBBC3FB6E5B4C7C67E62C2,
				D0531D5358F8193D1C66AE1E,
				14604E04E98823C5F42FAE54,
				EB03C39D8DFB69C3C02ECCBB,
				925833F85ADEBAF1D38F457D,
				C3299A40F3475A32338CC3B7,
				B1FB21EBE93A82F590CC8453,
				41968DF38DE00D15B485F292,
				E711CF7D88D4E397E72E24AB,
			);
			runOnlyForDeploymentPostprocessing = 0;
		};
		E99E46470C19105B382ABF20 = {
			isa = PBXSourcesBuildPhase;
			buildActionMask = 2147483647;
			files = (
				88566FB828392267C36B35AE,
			);
			runOnlyForDeploymentPostprocessing = 0;
		};
/* End PBXSourcesBuildPhase section */

/* Begin PBXTargetDependency section */
		2A28199488412DADE07464D6 = {
			isa = PBXTargetDependency;
			target = 88A5D8CD10AE362C78192547;
		};
		597E55B65491646516E8BABC = {
			isa = PBXTargetDependency;
			target = 88A5D8CD10AE362C78192547;
		};
		A51A3CADA8DD251BDDBB5509 = {
			isa = PBXTargetDependency;
			target = 88A5D8CD10AE362C78192547;
		};
		A51E32341A87C95F3B7C8FAF = {
			isa = PBXTargetDependency;
			target = FAE190526BD4F1551270B0AB;
		};
		A7F3150CA4BD52411CED16D5 = {
			isa = PBXTargetDependency;
			target = E6B190DBEC2A364E6FE6202C;
		};
		A7F486EA23AC17B290176F1B = {
			isa = PBXTargetDependency;
			target = 96208385851267D52A5B8BC0;
		};
		E1816A68530E0188CEBA39C2 = {
			isa = PBXTargetDependency;
			target = 88A5D8CD10AE362C78192547;
		};
/* End PBXTargetDependency section */

/* Begin XCBuildConfiguration section */
		08BFBE0F46F39EC717D45A5A /* Debug */ = {
			isa = XCBuildConfiguration;
			buildSettings = {
				MACOSX_DEPLOYMENT_TARGET = 10.11;
				SDKROOT = macosx;
			};
			name = Debug;
		};
		0C55591472021E4D66B2738E /* Debug */ = {
			isa = XCBuildConfiguration;
			buildSettings = {
				CLANG_CXX_LANGUAGE_STANDARD = "c++14";
				CLANG_CXX_LIBRARY = "libc++";
				CLANG_LINK_OBJC_RUNTIME = NO;
				CODE_SIGN_IDENTITY = "";
				COMBINE_HIDPI_IMAGES = YES;
				CONFIGURATION_BUILD_DIR = "$(PROJECT_DIR)/build/$(CONFIGURATION)";
				COPY_PHASE_STRIP = NO;
				GCC_DYNAMIC_NO_PIC = NO;
				GCC_OPTIMIZATION_LEVEL = 0;
				GCC_PREPROCESSOR_DEFINITIONS = (
					"_DEBUG=1",
					"DEBUG=1",
					"JUCE_DISPLAY_SPLASH_SCREEN=0",
					"JUCE_USE_DARK_SPLASH_SCREEN=1",
					"JUCE_PROJUCER_VERSION=0x60102",
					"JUCE_MODULE_AVAILABLE_juce_audio_basics=1",
					"JUCE_MODULE_AVAILABLE_juce_audio_devices=1",
					"JUCE_MODULE_AVAILABLE_juce_audio_formats=1",
					"JUCE_MODULE_AVAILABLE_juce_audio_plugin_client=1",
					"JUCE_MODULE_AVAILABLE_juce_audio_processors=1",
					"JUCE_MODULE_AVAILABLE_juce_audio_utils=1",
					"JUCE_MODULE_AVAILABLE_juce_core=1",
					"JUCE_MODULE_AVAILABLE_juce_data_structures=1",
					"JUCE_MODULE_AVAILABLE_juce_dsp=1",
					"JUCE_MODULE_AVAILABLE_juce_events=1",
					"JUCE_MODULE_AVAILABLE_juce_graphics=1",
					"JUCE_MODULE_AVAILABLE_juce_gui_basics=1",
					"JUCE_MODULE_AVAILABLE_juce_gui_extra=1",
					"JUCE_GLOBAL_MODULE_SETTINGS_INCLUDED=1",
					"JUCE_VST3_CAN_REPLACE_VST2=0",
					"JUCE_STRICT_REFCOUNTEDPOINTER=1",
					"JucePlugin_Build_VST=0",
					"JucePlugin_Build_VST3=1",
					"JucePlugin_Build_AU=1",
					"JucePlugin_Build_AUv3=0",
					"JucePlugin_Build_RTAS=0",
					"JucePlugin_Build_AAX=0",
					"JucePlugin_Build_Standalone=1",
					"JucePlugin_Build_Unity=0",
					"JucePlugin_Enable_IAA=0",
					"JucePlugin_Name=\\\"LV50A\\\"",
					"JucePlugin_Desc=\\\"LV50A\\\"",
					"JucePlugin_Manufacturer=\\\"Viator\\ DSP\\\"",
					"JucePlugin_ManufacturerWebsite=\\\"\\\"",
					"JucePlugin_ManufacturerEmail=\\\"\\\"",
					"JucePlugin_ManufacturerCode=0x4d616e75",
					"JucePlugin_PluginCode=0x466d3479",
					"JucePlugin_IsSynth=0",
					"JucePlugin_WantsMidiInput=0",
					"JucePlugin_ProducesMidiOutput=0",
					"JucePlugin_IsMidiEffect=0",
					"JucePlugin_EditorRequiresKeyboardFocus=0",
					"JucePlugin_Version=1.0.0",
					"JucePlugin_VersionCode=0x10000",
					"JucePlugin_VersionString=\\\"1.0.0\\\"",
					"JucePlugin_VSTUniqueID=JucePlugin_PluginCode",
					"JucePlugin_VSTCategory=kPlugCategEffect",
					"JucePlugin_Vst3Category=\\\"Fx\\\"",
					"JucePlugin_AUMainType='aufx'",
					"JucePlugin_AUSubType=JucePlugin_PluginCode",
					"JucePlugin_AUExportPrefix=LV50AAU",
					"JucePlugin_AUExportPrefixQuoted=\\\"LV50AAU\\\"",
					"JucePlugin_AUManufacturerCode=JucePlugin_ManufacturerCode",
					"JucePlugin_CFBundleIdentifier=com.yourcompany.LV50A",
					"JucePlugin_RTASCategory=0",
					"JucePlugin_RTASManufacturerCode=JucePlugin_ManufacturerCode",
					"JucePlugin_RTASProductId=JucePlugin_PluginCode",
					"JucePlugin_RTASDisableBypass=0",
					"JucePlugin_RTASDisableMultiMono=0",
					"JucePlugin_AAXIdentifier=com.yourcompany.LV50A",
					"JucePlugin_AAXManufacturerCode=JucePlugin_ManufacturerCode",
					"JucePlugin_AAXProductId=JucePlugin_PluginCode",
					"JucePlugin_AAXCategory=0",
					"JucePlugin_AAXDisableBypass=0",
					"JucePlugin_AAXDisableMultiMono=0",
					"JucePlugin_IAAType=0x61757278",
					"JucePlugin_IAASubType=JucePlugin_PluginCode",
					"JucePlugin_IAAName=\\\"Viator\\ DSP:\\ LV50A\\\"",
					"JucePlugin_VSTNumMidiInputs=16",
					"JucePlugin_VSTNumMidiOutputs=16",
					"JUCE_STANDALONE_APPLICATION=JucePlugin_Build_Standalone",
					"JUCER_XCODE_MAC_F6D2F4CF=1",
					"JUCE_APP_VERSION=1.0.0",
					"JUCE_APP_VERSION_HEX=0x10000",
					"JUCE_SHARED_CODE=1",
				);
				GCC_VERSION = com.apple.compilers.llvm.clang.1_0;
				HEADER_SEARCH_PATHS = (
					"/Users/land00m/Documents/GitHub/JUCE/modules/juce_audio_processors/format_types/VST3_SDK",
					"$(SRCROOT)/../../JuceLibraryCode",
					"/Users/land00m/Documents/GitHub/JUCE/modules",
					"/Users/land00m/Documents/GitHub/JUCE/modules/juce_audio_plugin_client",
					"$(inherited)",
				);
				INSTALL_PATH = "@executable_path/../Frameworks";
				MACOSX_DEPLOYMENT_TARGET = 10.11;
				MTL_HEADER_SEARCH_PATHS = "/Users/land00m/Documents/GitHub/JUCE/modules/juce_audio_processors/format_types/VST3_SDK $(SRCROOT)/../../JuceLibraryCode /Users/land00m/Documents/GitHub/JUCE/modules /Users/land00m/Documents/GitHub/JUCE/modules/juce_audio_plugin_client";
				PRODUCT_BUNDLE_IDENTIFIER = com.yourcompany.LV50A;
				PRODUCT_NAME = "LV50A";
				SKIP_INSTALL = YES;
				USE_HEADERMAP = NO;
				VALID_ARCHS = "i386 x86_64 arm64 arm64e";
			};
			name = Debug;
		};
		0D55E487B5E0AF31AB658142 /* Release */ = {
			isa = XCBuildConfiguration;
			buildSettings = {
				ALWAYS_SEARCH_USER_PATHS = NO;
				CLANG_ENABLE_OBJC_WEAK = YES;
				CLANG_WARN_BLOCK_CAPTURE_AUTORELEASING = YES;
				CLANG_WARN_BOOL_CONVERSION = YES;
				CLANG_WARN_COMMA = YES;
				CLANG_WARN_CONSTANT_CONVERSION = YES;
				CLANG_WARN_DEPRECATED_OBJC_IMPLEMENTATIONS = YES;
				CLANG_WARN_EMPTY_BODY = YES;
				CLANG_WARN_ENUM_CONVERSION = YES;
				CLANG_WARN_INFINITE_RECURSION = YES;
				CLANG_WARN_INT_CONVERSION = YES;
				CLANG_WARN_NON_LITERAL_NULL_CONVERSION = YES;
				CLANG_WARN_OBJC_IMPLICIT_RETAIN_SELF = YES;
				CLANG_WARN_OBJC_LITERAL_CONVERSION = YES;
				CLANG_WARN_RANGE_LOOP_ANALYSIS = YES;
				CLANG_WARN_STRICT_PROTOTYPES = YES;
				CLANG_WARN_SUSPICIOUS_MOVE = YES;
				CLANG_WARN_UNREACHABLE_CODE = YES;
				CLANG_WARN__DUPLICATE_METHOD_MATCH = YES;
				CODE_SIGN_IDENTITY = "";
				DEBUG_INFORMATION_FORMAT = dwarf;
				ENABLE_STRICT_OBJC_MSGSEND = YES;
				ENABLE_TESTABILITY = NO;
				GCC_C_LANGUAGE_STANDARD = c11;
				GCC_INLINES_ARE_PRIVATE_EXTERN = YES;
				GCC_MODEL_TUNING = G5;
				GCC_NO_COMMON_BLOCKS = YES;
				GCC_SYMBOLS_PRIVATE_EXTERN = YES;
				GCC_WARN_64_TO_32_BIT_CONVERSION = YES;
				GCC_WARN_ABOUT_RETURN_TYPE = YES;
				GCC_WARN_CHECK_SWITCH_STATEMENTS = YES;
				GCC_WARN_MISSING_PARENTHESES = YES;
				GCC_WARN_NON_VIRTUAL_DESTRUCTOR = YES;
				GCC_WARN_TYPECHECK_CALLS_TO_PRINTF = YES;
				GCC_WARN_UNDECLARED_SELECTOR = YES;
				GCC_WARN_UNINITIALIZED_AUTOS = YES;
				GCC_WARN_UNUSED_FUNCTION = YES;
				GCC_WARN_UNUSED_VARIABLE = YES;
				PRODUCT_NAME = "LV50A";
				SDKROOT = macosx;
				WARNING_CFLAGS = "-Wreorder";
				ZERO_LINK = NO;
			};
			name = Release;
		};
		2BA4B40110D4344F38BA9A7C /* Debug */ = {
			isa = XCBuildConfiguration;
			buildSettings = {
				CLANG_CXX_LANGUAGE_STANDARD = "c++14";
				CLANG_CXX_LIBRARY = "libc++";
				CLANG_LINK_OBJC_RUNTIME = NO;
				CODE_SIGN_IDENTITY = "";
				COMBINE_HIDPI_IMAGES = YES;
				CONFIGURATION_BUILD_DIR = "$(PROJECT_DIR)/build/$(CONFIGURATION)";
				COPY_PHASE_STRIP = NO;
				DEPLOYMENT_LOCATION = YES;
				DSTROOT = /;
				GCC_DYNAMIC_NO_PIC = NO;
				GCC_OPTIMIZATION_LEVEL = 0;
				GCC_PREPROCESSOR_DEFINITIONS = (
					"_DEBUG=1",
					"DEBUG=1",
					"JUCE_DISPLAY_SPLASH_SCREEN=0",
					"JUCE_USE_DARK_SPLASH_SCREEN=1",
					"JUCE_PROJUCER_VERSION=0x60102",
					"JUCE_MODULE_AVAILABLE_juce_audio_basics=1",
					"JUCE_MODULE_AVAILABLE_juce_audio_devices=1",
					"JUCE_MODULE_AVAILABLE_juce_audio_formats=1",
					"JUCE_MODULE_AVAILABLE_juce_audio_plugin_client=1",
					"JUCE_MODULE_AVAILABLE_juce_audio_processors=1",
					"JUCE_MODULE_AVAILABLE_juce_audio_utils=1",
					"JUCE_MODULE_AVAILABLE_juce_core=1",
					"JUCE_MODULE_AVAILABLE_juce_data_structures=1",
					"JUCE_MODULE_AVAILABLE_juce_dsp=1",
					"JUCE_MODULE_AVAILABLE_juce_events=1",
					"JUCE_MODULE_AVAILABLE_juce_graphics=1",
					"JUCE_MODULE_AVAILABLE_juce_gui_basics=1",
					"JUCE_MODULE_AVAILABLE_juce_gui_extra=1",
					"JUCE_GLOBAL_MODULE_SETTINGS_INCLUDED=1",
					"JUCE_VST3_CAN_REPLACE_VST2=0",
					"JUCE_STRICT_REFCOUNTEDPOINTER=1",
					"JucePlugin_Build_VST=0",
					"JucePlugin_Build_VST3=0",
					"JucePlugin_Build_AU=1",
					"JucePlugin_Build_AUv3=0",
					"JucePlugin_Build_RTAS=0",
					"JucePlugin_Build_AAX=0",
					"JucePlugin_Build_Standalone=0",
					"JucePlugin_Build_Unity=0",
					"JucePlugin_Enable_IAA=0",
					"JucePlugin_Name=\\\"LV50A\\\"",
					"JucePlugin_Desc=\\\"LV50A\\\"",
					"JucePlugin_Manufacturer=\\\"Viator\\ DSP\\\"",
					"JucePlugin_ManufacturerWebsite=\\\"\\\"",
					"JucePlugin_ManufacturerEmail=\\\"\\\"",
					"JucePlugin_ManufacturerCode=0x4d616e75",
					"JucePlugin_PluginCode=0x466d3479",
					"JucePlugin_IsSynth=0",
					"JucePlugin_WantsMidiInput=0",
					"JucePlugin_ProducesMidiOutput=0",
					"JucePlugin_IsMidiEffect=0",
					"JucePlugin_EditorRequiresKeyboardFocus=0",
					"JucePlugin_Version=1.0.0",
					"JucePlugin_VersionCode=0x10000",
					"JucePlugin_VersionString=\\\"1.0.0\\\"",
					"JucePlugin_VSTUniqueID=JucePlugin_PluginCode",
					"JucePlugin_VSTCategory=kPlugCategEffect",
					"JucePlugin_Vst3Category=\\\"Fx\\\"",
					"JucePlugin_AUMainType='aufx'",
					"JucePlugin_AUSubType=JucePlugin_PluginCode",
					"JucePlugin_AUExportPrefix=LV50AAU",
					"JucePlugin_AUExportPrefixQuoted=\\\"LV50AAU\\\"",
					"JucePlugin_AUManufacturerCode=JucePlugin_ManufacturerCode",
					"JucePlugin_CFBundleIdentifier=com.yourcompany.LV50A",
					"JucePlugin_RTASCategory=0",
					"JucePlugin_RTASManufacturerCode=JucePlugin_ManufacturerCode",
					"JucePlugin_RTASProductId=JucePlugin_PluginCode",
					"JucePlugin_RTASDisableBypass=0",
					"JucePlugin_RTASDisableMultiMono=0",
					"JucePlugin_AAXIdentifier=com.yourcompany.LV50A",
					"JucePlugin_AAXManufacturerCode=JucePlugin_ManufacturerCode",
					"JucePlugin_AAXProductId=JucePlugin_PluginCode",
					"JucePlugin_AAXCategory=0",
					"JucePlugin_AAXDisableBypass=0",
					"JucePlugin_AAXDisableMultiMono=0",
					"JucePlugin_IAAType=0x61757278",
					"JucePlugin_IAASubType=JucePlugin_PluginCode",
					"JucePlugin_IAAName=\\\"Viator\\ DSP:\\ LV50A\\\"",
					"JucePlugin_VSTNumMidiInputs=16",
					"JucePlugin_VSTNumMidiOutputs=16",
					"JUCE_STANDALONE_APPLICATION=JucePlugin_Build_Standalone",
					"JUCER_XCODE_MAC_F6D2F4CF=1",
					"JUCE_APP_VERSION=1.0.0",
					"JUCE_APP_VERSION_HEX=0x10000",
				);
				GCC_VERSION = com.apple.compilers.llvm.clang.1_0;
				GENERATE_PKGINFO_FILE = YES;
				HEADER_SEARCH_PATHS = (
					"/Users/land00m/Documents/GitHub/JUCE/modules/juce_audio_processors/format_types/VST3_SDK",
					"$(SRCROOT)/../../JuceLibraryCode",
					"/Users/land00m/Documents/GitHub/JUCE/modules",
					"/Users/land00m/Documents/GitHub/JUCE/modules/juce_audio_plugin_client",
					"$(inherited)",
				);
				INFOPLIST_FILE = Info-AU.plist;
				INFOPLIST_PREPROCESS = NO;
				INSTALL_PATH = "$(HOME)/Library/Audio/Plug-Ins/Components/";
				LIBRARY_STYLE = Bundle;
				MACOSX_DEPLOYMENT_TARGET = 10.11;
				MTL_HEADER_SEARCH_PATHS = "/Users/land00m/Documents/GitHub/JUCE/modules/juce_audio_processors/format_types/VST3_SDK $(SRCROOT)/../../JuceLibraryCode /Users/land00m/Documents/GitHub/JUCE/modules /Users/land00m/Documents/GitHub/JUCE/modules/juce_audio_plugin_client";
				OTHER_LDFLAGS = "-bundle -lLV50A";
				OTHER_REZFLAGS = "-d ppc_$ppc -d i386_$i386 -d ppc64_$ppc64 -d x86_64_$x86_64 -d arm64_$arm64 -I /System/Library/Frameworks/CoreServices.framework/Frameworks/CarbonCore.framework/Versions/A/Headers -I \"$(DEVELOPER_DIR)/Extras/CoreAudio/AudioUnits/AUPublic/AUBase\" -I \"$(DEVELOPER_DIR)/Platforms/MacOSX.platform/Developer/SDKs/MacOSX.sdk/System/Library/Frameworks/AudioUnit.framework/Headers\"";
				PRODUCT_BUNDLE_IDENTIFIER = com.yourcompany.LV50A;
				PRODUCT_NAME = "LV50A";
				USE_HEADERMAP = NO;
				VALID_ARCHS = "i386 x86_64 arm64 arm64e";
				WRAPPER_EXTENSION = component;
			};
			name = Debug;
		};
		5C1A92F1793E9ED035B9EDF5 /* Debug */ = {
			isa = XCBuildConfiguration;
			buildSettings = {
				CLANG_CXX_LANGUAGE_STANDARD = "c++14";
				CLANG_CXX_LIBRARY = "libc++";
				CLANG_LINK_OBJC_RUNTIME = NO;
				CODE_SIGN_IDENTITY = "";
				COMBINE_HIDPI_IMAGES = YES;
				CONFIGURATION_BUILD_DIR = "$(PROJECT_DIR)/build/$(CONFIGURATION)";
				COPY_PHASE_STRIP = NO;
				GCC_DYNAMIC_NO_PIC = NO;
				GCC_OPTIMIZATION_LEVEL = 0;
				GCC_PREPROCESSOR_DEFINITIONS = (
					"_DEBUG=1",
					"DEBUG=1",
					"JUCE_DISPLAY_SPLASH_SCREEN=0",
					"JUCE_USE_DARK_SPLASH_SCREEN=1",
					"JUCE_PROJUCER_VERSION=0x60102",
					"JUCE_MODULE_AVAILABLE_juce_audio_basics=1",
					"JUCE_MODULE_AVAILABLE_juce_audio_devices=1",
					"JUCE_MODULE_AVAILABLE_juce_audio_formats=1",
					"JUCE_MODULE_AVAILABLE_juce_audio_plugin_client=1",
					"JUCE_MODULE_AVAILABLE_juce_audio_processors=1",
					"JUCE_MODULE_AVAILABLE_juce_audio_utils=1",
					"JUCE_MODULE_AVAILABLE_juce_core=1",
					"JUCE_MODULE_AVAILABLE_juce_data_structures=1",
					"JUCE_MODULE_AVAILABLE_juce_dsp=1",
					"JUCE_MODULE_AVAILABLE_juce_events=1",
					"JUCE_MODULE_AVAILABLE_juce_graphics=1",
					"JUCE_MODULE_AVAILABLE_juce_gui_basics=1",
					"JUCE_MODULE_AVAILABLE_juce_gui_extra=1",
					"JUCE_GLOBAL_MODULE_SETTINGS_INCLUDED=1",
					"JUCE_VST3_CAN_REPLACE_VST2=0",
					"JUCE_STRICT_REFCOUNTEDPOINTER=1",
					"JucePlugin_Build_VST=0",
					"JucePlugin_Build_VST3=0",
					"JucePlugin_Build_AU=0",
					"JucePlugin_Build_AUv3=0",
					"JucePlugin_Build_RTAS=0",
					"JucePlugin_Build_AAX=0",
					"JucePlugin_Build_Standalone=1",
					"JucePlugin_Build_Unity=0",
					"JucePlugin_Enable_IAA=0",
					"JucePlugin_Name=\\\"LV50A\\\"",
					"JucePlugin_Desc=\\\"LV50A\\\"",
					"JucePlugin_Manufacturer=\\\"Viator\\ DSP\\\"",
					"JucePlugin_ManufacturerWebsite=\\\"\\\"",
					"JucePlugin_ManufacturerEmail=\\\"\\\"",
					"JucePlugin_ManufacturerCode=0x4d616e75",
					"JucePlugin_PluginCode=0x466d3479",
					"JucePlugin_IsSynth=0",
					"JucePlugin_WantsMidiInput=0",
					"JucePlugin_ProducesMidiOutput=0",
					"JucePlugin_IsMidiEffect=0",
					"JucePlugin_EditorRequiresKeyboardFocus=0",
					"JucePlugin_Version=1.0.0",
					"JucePlugin_VersionCode=0x10000",
					"JucePlugin_VersionString=\\\"1.0.0\\\"",
					"JucePlugin_VSTUniqueID=JucePlugin_PluginCode",
					"JucePlugin_VSTCategory=kPlugCategEffect",
					"JucePlugin_Vst3Category=\\\"Fx\\\"",
					"JucePlugin_AUMainType='aufx'",
					"JucePlugin_AUSubType=JucePlugin_PluginCode",
					"JucePlugin_AUExportPrefix=LV50AAU",
					"JucePlugin_AUExportPrefixQuoted=\\\"LV50AAU\\\"",
					"JucePlugin_AUManufacturerCode=JucePlugin_ManufacturerCode",
					"JucePlugin_CFBundleIdentifier=com.yourcompany.LV50A",
					"JucePlugin_RTASCategory=0",
					"JucePlugin_RTASManufacturerCode=JucePlugin_ManufacturerCode",
					"JucePlugin_RTASProductId=JucePlugin_PluginCode",
					"JucePlugin_RTASDisableBypass=0",
					"JucePlugin_RTASDisableMultiMono=0",
					"JucePlugin_AAXIdentifier=com.yourcompany.LV50A",
					"JucePlugin_AAXManufacturerCode=JucePlugin_ManufacturerCode",
					"JucePlugin_AAXProductId=JucePlugin_PluginCode",
					"JucePlugin_AAXCategory=0",
					"JucePlugin_AAXDisableBypass=0",
					"JucePlugin_AAXDisableMultiMono=0",
					"JucePlugin_IAAType=0x61757278",
					"JucePlugin_IAASubType=JucePlugin_PluginCode",
					"JucePlugin_IAAName=\\\"Viator\\ DSP:\\ LV50A\\\"",
					"JucePlugin_VSTNumMidiInputs=16",
					"JucePlugin_VSTNumMidiOutputs=16",
					"JUCE_STANDALONE_APPLICATION=JucePlugin_Build_Standalone",
					"JUCER_XCODE_MAC_F6D2F4CF=1",
					"JUCE_APP_VERSION=1.0.0",
					"JUCE_APP_VERSION_HEX=0x10000",
				);
				GCC_VERSION = com.apple.compilers.llvm.clang.1_0;
				HEADER_SEARCH_PATHS = (
					"/Users/land00m/Documents/GitHub/JUCE/modules/juce_audio_processors/format_types/VST3_SDK",
					"$(SRCROOT)/../../JuceLibraryCode",
					"/Users/land00m/Documents/GitHub/JUCE/modules",
					"/Users/land00m/Documents/GitHub/JUCE/modules/juce_audio_plugin_client",
					"$(inherited)",
				);
				INFOPLIST_FILE = Info-Standalone_Plugin.plist;
				INFOPLIST_PREPROCESS = NO;
				MACOSX_DEPLOYMENT_TARGET = 10.11;
				MTL_HEADER_SEARCH_PATHS = "/Users/land00m/Documents/GitHub/JUCE/modules/juce_audio_processors/format_types/VST3_SDK $(SRCROOT)/../../JuceLibraryCode /Users/land00m/Documents/GitHub/JUCE/modules /Users/land00m/Documents/GitHub/JUCE/modules/juce_audio_plugin_client";
				OTHER_LDFLAGS = "-lLV50A";
				PRODUCT_BUNDLE_IDENTIFIER = com.yourcompany.LV50A;
				PRODUCT_NAME = "LV50A";
				USE_HEADERMAP = NO;
				VALID_ARCHS = "i386 x86_64 arm64 arm64e";
			};
			name = Debug;
		};
		717B248E6060DB4047D2BA6D /* Debug */ = {
			isa = XCBuildConfiguration;
			buildSettings = {
				CLANG_CXX_LANGUAGE_STANDARD = "c++14";
				CLANG_CXX_LIBRARY = "libc++";
				CLANG_LINK_OBJC_RUNTIME = NO;
				CODE_SIGN_IDENTITY = "";
				COMBINE_HIDPI_IMAGES = YES;
				CONFIGURATION_BUILD_DIR = "$(PROJECT_DIR)/build/$(CONFIGURATION)";
				COPY_PHASE_STRIP = NO;
				DEPLOYMENT_LOCATION = YES;
				DSTROOT = /;
				GCC_DYNAMIC_NO_PIC = NO;
				GCC_OPTIMIZATION_LEVEL = 0;
				GCC_PREPROCESSOR_DEFINITIONS = (
					"_DEBUG=1",
					"DEBUG=1",
					"JUCE_DISPLAY_SPLASH_SCREEN=0",
					"JUCE_USE_DARK_SPLASH_SCREEN=1",
					"JUCE_PROJUCER_VERSION=0x60102",
					"JUCE_MODULE_AVAILABLE_juce_audio_basics=1",
					"JUCE_MODULE_AVAILABLE_juce_audio_devices=1",
					"JUCE_MODULE_AVAILABLE_juce_audio_formats=1",
					"JUCE_MODULE_AVAILABLE_juce_audio_plugin_client=1",
					"JUCE_MODULE_AVAILABLE_juce_audio_processors=1",
					"JUCE_MODULE_AVAILABLE_juce_audio_utils=1",
					"JUCE_MODULE_AVAILABLE_juce_core=1",
					"JUCE_MODULE_AVAILABLE_juce_data_structures=1",
					"JUCE_MODULE_AVAILABLE_juce_dsp=1",
					"JUCE_MODULE_AVAILABLE_juce_events=1",
					"JUCE_MODULE_AVAILABLE_juce_graphics=1",
					"JUCE_MODULE_AVAILABLE_juce_gui_basics=1",
					"JUCE_MODULE_AVAILABLE_juce_gui_extra=1",
					"JUCE_GLOBAL_MODULE_SETTINGS_INCLUDED=1",
					"JUCE_VST3_CAN_REPLACE_VST2=0",
					"JUCE_STRICT_REFCOUNTEDPOINTER=1",
					"JucePlugin_Build_VST=0",
					"JucePlugin_Build_VST3=1",
					"JucePlugin_Build_AU=0",
					"JucePlugin_Build_AUv3=0",
					"JucePlugin_Build_RTAS=0",
					"JucePlugin_Build_AAX=0",
					"JucePlugin_Build_Standalone=0",
					"JucePlugin_Build_Unity=0",
					"JucePlugin_Enable_IAA=0",
					"JucePlugin_Name=\\\"LV50A\\\"",
					"JucePlugin_Desc=\\\"LV50A\\\"",
					"JucePlugin_Manufacturer=\\\"Viator\\ DSP\\\"",
					"JucePlugin_ManufacturerWebsite=\\\"\\\"",
					"JucePlugin_ManufacturerEmail=\\\"\\\"",
					"JucePlugin_ManufacturerCode=0x4d616e75",
					"JucePlugin_PluginCode=0x466d3479",
					"JucePlugin_IsSynth=0",
					"JucePlugin_WantsMidiInput=0",
					"JucePlugin_ProducesMidiOutput=0",
					"JucePlugin_IsMidiEffect=0",
					"JucePlugin_EditorRequiresKeyboardFocus=0",
					"JucePlugin_Version=1.0.0",
					"JucePlugin_VersionCode=0x10000",
					"JucePlugin_VersionString=\\\"1.0.0\\\"",
					"JucePlugin_VSTUniqueID=JucePlugin_PluginCode",
					"JucePlugin_VSTCategory=kPlugCategEffect",
					"JucePlugin_Vst3Category=\\\"Fx\\\"",
					"JucePlugin_AUMainType='aufx'",
					"JucePlugin_AUSubType=JucePlugin_PluginCode",
					"JucePlugin_AUExportPrefix=LV50AAU",
					"JucePlugin_AUExportPrefixQuoted=\\\"LV50AAU\\\"",
					"JucePlugin_AUManufacturerCode=JucePlugin_ManufacturerCode",
					"JucePlugin_CFBundleIdentifier=com.yourcompany.LV50A",
					"JucePlugin_RTASCategory=0",
					"JucePlugin_RTASManufacturerCode=JucePlugin_ManufacturerCode",
					"JucePlugin_RTASProductId=JucePlugin_PluginCode",
					"JucePlugin_RTASDisableBypass=0",
					"JucePlugin_RTASDisableMultiMono=0",
					"JucePlugin_AAXIdentifier=com.yourcompany.LV50A",
					"JucePlugin_AAXManufacturerCode=JucePlugin_ManufacturerCode",
					"JucePlugin_AAXProductId=JucePlugin_PluginCode",
					"JucePlugin_AAXCategory=0",
					"JucePlugin_AAXDisableBypass=0",
					"JucePlugin_AAXDisableMultiMono=0",
					"JucePlugin_IAAType=0x61757278",
					"JucePlugin_IAASubType=JucePlugin_PluginCode",
					"JucePlugin_IAAName=\\\"Viator\\ DSP:\\ LV50A\\\"",
					"JucePlugin_VSTNumMidiInputs=16",
					"JucePlugin_VSTNumMidiOutputs=16",
					"JUCE_STANDALONE_APPLICATION=JucePlugin_Build_Standalone",
					"JUCER_XCODE_MAC_F6D2F4CF=1",
					"JUCE_APP_VERSION=1.0.0",
					"JUCE_APP_VERSION_HEX=0x10000",
				);
				GCC_VERSION = com.apple.compilers.llvm.clang.1_0;
				GENERATE_PKGINFO_FILE = YES;
				HEADER_SEARCH_PATHS = (
					"/Users/land00m/Documents/GitHub/JUCE/modules/juce_audio_processors/format_types/VST3_SDK",
					"$(SRCROOT)/../../JuceLibraryCode",
					"/Users/land00m/Documents/GitHub/JUCE/modules",
					"/Users/land00m/Documents/GitHub/JUCE/modules/juce_audio_plugin_client",
					"$(inherited)",
				);
				INFOPLIST_FILE = Info-VST3.plist;
				INFOPLIST_PREPROCESS = NO;
				INSTALL_PATH = "$(HOME)/Library/Audio/Plug-Ins/VST3/";
				LIBRARY_STYLE = Bundle;
				MACOSX_DEPLOYMENT_TARGET = 10.11;
				MTL_HEADER_SEARCH_PATHS = "/Users/land00m/Documents/GitHub/JUCE/modules/juce_audio_processors/format_types/VST3_SDK $(SRCROOT)/../../JuceLibraryCode /Users/land00m/Documents/GitHub/JUCE/modules /Users/land00m/Documents/GitHub/JUCE/modules/juce_audio_plugin_client";
				OTHER_LDFLAGS = "-bundle -lLV50A";
				PRODUCT_BUNDLE_IDENTIFIER = com.yourcompany.LV50A;
				PRODUCT_NAME = "LV50A";
				USE_HEADERMAP = NO;
				VALID_ARCHS = "i386 x86_64 arm64 arm64e";
				WRAPPER_EXTENSION = vst3;
			};
			name = Debug;
		};
		8B3CF089046E4EC9D271D07B /* Release */ = {
			isa = XCBuildConfiguration;
			buildSettings = {
				CLANG_CXX_LANGUAGE_STANDARD = "c++14";
				CLANG_CXX_LIBRARY = "libc++";
				CLANG_LINK_OBJC_RUNTIME = NO;
				CODE_SIGN_IDENTITY = "";
				COMBINE_HIDPI_IMAGES = YES;
				CONFIGURATION_BUILD_DIR = "$(PROJECT_DIR)/build/$(CONFIGURATION)";
				DEAD_CODE_STRIPPING = YES;
				DEPLOYMENT_LOCATION = YES;
				DSTROOT = /;
				GCC_GENERATE_DEBUGGING_SYMBOLS = NO;
				GCC_OPTIMIZATION_LEVEL = 3;
				GCC_PREPROCESSOR_DEFINITIONS = (
					"_NDEBUG=1",
					"NDEBUG=1",
					"JUCE_DISPLAY_SPLASH_SCREEN=0",
					"JUCE_USE_DARK_SPLASH_SCREEN=1",
					"JUCE_PROJUCER_VERSION=0x60102",
					"JUCE_MODULE_AVAILABLE_juce_audio_basics=1",
					"JUCE_MODULE_AVAILABLE_juce_audio_devices=1",
					"JUCE_MODULE_AVAILABLE_juce_audio_formats=1",
					"JUCE_MODULE_AVAILABLE_juce_audio_plugin_client=1",
					"JUCE_MODULE_AVAILABLE_juce_audio_processors=1",
					"JUCE_MODULE_AVAILABLE_juce_audio_utils=1",
					"JUCE_MODULE_AVAILABLE_juce_core=1",
					"JUCE_MODULE_AVAILABLE_juce_data_structures=1",
					"JUCE_MODULE_AVAILABLE_juce_dsp=1",
					"JUCE_MODULE_AVAILABLE_juce_events=1",
					"JUCE_MODULE_AVAILABLE_juce_graphics=1",
					"JUCE_MODULE_AVAILABLE_juce_gui_basics=1",
					"JUCE_MODULE_AVAILABLE_juce_gui_extra=1",
					"JUCE_GLOBAL_MODULE_SETTINGS_INCLUDED=1",
					"JUCE_VST3_CAN_REPLACE_VST2=0",
					"JUCE_STRICT_REFCOUNTEDPOINTER=1",
					"JucePlugin_Build_VST=0",
					"JucePlugin_Build_VST3=1",
					"JucePlugin_Build_AU=0",
					"JucePlugin_Build_AUv3=0",
					"JucePlugin_Build_RTAS=0",
					"JucePlugin_Build_AAX=0",
					"JucePlugin_Build_Standalone=0",
					"JucePlugin_Build_Unity=0",
					"JucePlugin_Enable_IAA=0",
					"JucePlugin_Name=\\\"LV50A\\\"",
					"JucePlugin_Desc=\\\"LV50A\\\"",
					"JucePlugin_Manufacturer=\\\"Viator\\ DSP\\\"",
					"JucePlugin_ManufacturerWebsite=\\\"\\\"",
					"JucePlugin_ManufacturerEmail=\\\"\\\"",
					"JucePlugin_ManufacturerCode=0x4d616e75",
					"JucePlugin_PluginCode=0x466d3479",
					"JucePlugin_IsSynth=0",
					"JucePlugin_WantsMidiInput=0",
					"JucePlugin_ProducesMidiOutput=0",
					"JucePlugin_IsMidiEffect=0",
					"JucePlugin_EditorRequiresKeyboardFocus=0",
					"JucePlugin_Version=1.0.0",
					"JucePlugin_VersionCode=0x10000",
					"JucePlugin_VersionString=\\\"1.0.0\\\"",
					"JucePlugin_VSTUniqueID=JucePlugin_PluginCode",
					"JucePlugin_VSTCategory=kPlugCategEffect",
					"JucePlugin_Vst3Category=\\\"Fx\\\"",
					"JucePlugin_AUMainType='aufx'",
					"JucePlugin_AUSubType=JucePlugin_PluginCode",
					"JucePlugin_AUExportPrefix=LV50AAU",
					"JucePlugin_AUExportPrefixQuoted=\\\"LV50AAU\\\"",
					"JucePlugin_AUManufacturerCode=JucePlugin_ManufacturerCode",
					"JucePlugin_CFBundleIdentifier=com.yourcompany.LV50A",
					"JucePlugin_RTASCategory=0",
					"JucePlugin_RTASManufacturerCode=JucePlugin_ManufacturerCode",
					"JucePlugin_RTASProductId=JucePlugin_PluginCode",
					"JucePlugin_RTASDisableBypass=0",
					"JucePlugin_RTASDisableMultiMono=0",
					"JucePlugin_AAXIdentifier=com.yourcompany.LV50A",
					"JucePlugin_AAXManufacturerCode=JucePlugin_ManufacturerCode",
					"JucePlugin_AAXProductId=JucePlugin_PluginCode",
					"JucePlugin_AAXCategory=0",
					"JucePlugin_AAXDisableBypass=0",
					"JucePlugin_AAXDisableMultiMono=0",
					"JucePlugin_IAAType=0x61757278",
					"JucePlugin_IAASubType=JucePlugin_PluginCode",
					"JucePlugin_IAAName=\\\"Viator\\ DSP:\\ LV50A\\\"",
					"JucePlugin_VSTNumMidiInputs=16",
					"JucePlugin_VSTNumMidiOutputs=16",
					"JUCE_STANDALONE_APPLICATION=JucePlugin_Build_Standalone",
					"JUCER_XCODE_MAC_F6D2F4CF=1",
					"JUCE_APP_VERSION=1.0.0",
					"JUCE_APP_VERSION_HEX=0x10000",
				);
				GCC_VERSION = com.apple.compilers.llvm.clang.1_0;
				GENERATE_PKGINFO_FILE = YES;
				HEADER_SEARCH_PATHS = (
					"/Users/land00m/Documents/GitHub/JUCE/modules/juce_audio_processors/format_types/VST3_SDK",
					"$(SRCROOT)/../../JuceLibraryCode",
					"/Users/land00m/Documents/GitHub/JUCE/modules",
					"/Users/land00m/Documents/GitHub/JUCE/modules/juce_audio_plugin_client",
					"$(inherited)",
				);
				INFOPLIST_FILE = Info-VST3.plist;
				INFOPLIST_PREPROCESS = NO;
				INSTALL_PATH = "$(HOME)/Library/Audio/Plug-Ins/VST3/";
				LIBRARY_STYLE = Bundle;
				LLVM_LTO = YES;
				MACOSX_DEPLOYMENT_TARGET = 10.11;
				MTL_HEADER_SEARCH_PATHS = "/Users/land00m/Documents/GitHub/JUCE/modules/juce_audio_processors/format_types/VST3_SDK $(SRCROOT)/../../JuceLibraryCode /Users/land00m/Documents/GitHub/JUCE/modules /Users/land00m/Documents/GitHub/JUCE/modules/juce_audio_plugin_client";
				OTHER_LDFLAGS = "-bundle -lLV50A";
				PRODUCT_BUNDLE_IDENTIFIER = com.yourcompany.LV50A;
				PRODUCT_NAME = "LV50A";
				USE_HEADERMAP = NO;
				VALID_ARCHS = "i386 x86_64 arm64 arm64e";
				WRAPPER_EXTENSION = vst3;
			};
			name = Release;
		};
		8C4A5148B55CB008B658C1B6 /* Debug */ = {
			isa = XCBuildConfiguration;
			buildSettings = {
				ALWAYS_SEARCH_USER_PATHS = NO;
				CLANG_ENABLE_OBJC_WEAK = YES;
				CLANG_WARN_BLOCK_CAPTURE_AUTORELEASING = YES;
				CLANG_WARN_BOOL_CONVERSION = YES;
				CLANG_WARN_COMMA = YES;
				CLANG_WARN_CONSTANT_CONVERSION = YES;
				CLANG_WARN_DEPRECATED_OBJC_IMPLEMENTATIONS = YES;
				CLANG_WARN_EMPTY_BODY = YES;
				CLANG_WARN_ENUM_CONVERSION = YES;
				CLANG_WARN_INFINITE_RECURSION = YES;
				CLANG_WARN_INT_CONVERSION = YES;
				CLANG_WARN_NON_LITERAL_NULL_CONVERSION = YES;
				CLANG_WARN_OBJC_IMPLICIT_RETAIN_SELF = YES;
				CLANG_WARN_OBJC_LITERAL_CONVERSION = YES;
				CLANG_WARN_RANGE_LOOP_ANALYSIS = YES;
				CLANG_WARN_STRICT_PROTOTYPES = YES;
				CLANG_WARN_SUSPICIOUS_MOVE = YES;
				CLANG_WARN_UNREACHABLE_CODE = YES;
				CLANG_WARN__DUPLICATE_METHOD_MATCH = YES;
				CODE_SIGN_IDENTITY = "";
				DEBUG_INFORMATION_FORMAT = dwarf;
				ENABLE_STRICT_OBJC_MSGSEND = YES;
				ENABLE_TESTABILITY = NO;
				GCC_C_LANGUAGE_STANDARD = c11;
				GCC_INLINES_ARE_PRIVATE_EXTERN = YES;
				GCC_MODEL_TUNING = G5;
				GCC_NO_COMMON_BLOCKS = YES;
				GCC_SYMBOLS_PRIVATE_EXTERN = YES;
				GCC_WARN_64_TO_32_BIT_CONVERSION = YES;
				GCC_WARN_ABOUT_RETURN_TYPE = YES;
				GCC_WARN_CHECK_SWITCH_STATEMENTS = YES;
				GCC_WARN_MISSING_PARENTHESES = YES;
				GCC_WARN_NON_VIRTUAL_DESTRUCTOR = YES;
				GCC_WARN_TYPECHECK_CALLS_TO_PRINTF = YES;
				GCC_WARN_UNDECLARED_SELECTOR = YES;
				GCC_WARN_UNINITIALIZED_AUTOS = YES;
				GCC_WARN_UNUSED_FUNCTION = YES;
				GCC_WARN_UNUSED_VARIABLE = YES;
				ONLY_ACTIVE_ARCH = YES;
				PRODUCT_NAME = "LV50A";
				SDKROOT = macosx;
				WARNING_CFLAGS = "-Wreorder";
				ZERO_LINK = NO;
			};
			name = Debug;
		};
		9F798687C7DCFB2F54DFDE91 /* Release */ = {
			isa = XCBuildConfiguration;
			buildSettings = {
				MACOSX_DEPLOYMENT_TARGET = 10.11;
				SDKROOT = macosx;
			};
			name = Release;
		};
		A45B24323DE580D54D9CF504 /* Release */ = {
			isa = XCBuildConfiguration;
			buildSettings = {
				CLANG_CXX_LANGUAGE_STANDARD = "c++14";
				CLANG_CXX_LIBRARY = "libc++";
				CLANG_LINK_OBJC_RUNTIME = NO;
				CODE_SIGN_IDENTITY = "";
				COMBINE_HIDPI_IMAGES = YES;
				CONFIGURATION_BUILD_DIR = "$(PROJECT_DIR)/build/$(CONFIGURATION)";
				DEAD_CODE_STRIPPING = YES;
				GCC_GENERATE_DEBUGGING_SYMBOLS = NO;
				GCC_OPTIMIZATION_LEVEL = 3;
				GCC_PREPROCESSOR_DEFINITIONS = (
					"_NDEBUG=1",
					"NDEBUG=1",
					"JUCE_DISPLAY_SPLASH_SCREEN=0",
					"JUCE_USE_DARK_SPLASH_SCREEN=1",
					"JUCE_PROJUCER_VERSION=0x60102",
					"JUCE_MODULE_AVAILABLE_juce_audio_basics=1",
					"JUCE_MODULE_AVAILABLE_juce_audio_devices=1",
					"JUCE_MODULE_AVAILABLE_juce_audio_formats=1",
					"JUCE_MODULE_AVAILABLE_juce_audio_plugin_client=1",
					"JUCE_MODULE_AVAILABLE_juce_audio_processors=1",
					"JUCE_MODULE_AVAILABLE_juce_audio_utils=1",
					"JUCE_MODULE_AVAILABLE_juce_core=1",
					"JUCE_MODULE_AVAILABLE_juce_data_structures=1",
					"JUCE_MODULE_AVAILABLE_juce_dsp=1",
					"JUCE_MODULE_AVAILABLE_juce_events=1",
					"JUCE_MODULE_AVAILABLE_juce_graphics=1",
					"JUCE_MODULE_AVAILABLE_juce_gui_basics=1",
					"JUCE_MODULE_AVAILABLE_juce_gui_extra=1",
					"JUCE_GLOBAL_MODULE_SETTINGS_INCLUDED=1",
					"JUCE_VST3_CAN_REPLACE_VST2=0",
					"JUCE_STRICT_REFCOUNTEDPOINTER=1",
					"JucePlugin_Build_VST=0",
					"JucePlugin_Build_VST3=1",
					"JucePlugin_Build_AU=1",
					"JucePlugin_Build_AUv3=0",
					"JucePlugin_Build_RTAS=0",
					"JucePlugin_Build_AAX=0",
					"JucePlugin_Build_Standalone=1",
					"JucePlugin_Build_Unity=0",
					"JucePlugin_Enable_IAA=0",
					"JucePlugin_Name=\\\"LV50A\\\"",
					"JucePlugin_Desc=\\\"LV50A\\\"",
					"JucePlugin_Manufacturer=\\\"Viator\\ DSP\\\"",
					"JucePlugin_ManufacturerWebsite=\\\"\\\"",
					"JucePlugin_ManufacturerEmail=\\\"\\\"",
					"JucePlugin_ManufacturerCode=0x4d616e75",
					"JucePlugin_PluginCode=0x466d3479",
					"JucePlugin_IsSynth=0",
					"JucePlugin_WantsMidiInput=0",
					"JucePlugin_ProducesMidiOutput=0",
					"JucePlugin_IsMidiEffect=0",
					"JucePlugin_EditorRequiresKeyboardFocus=0",
					"JucePlugin_Version=1.0.0",
					"JucePlugin_VersionCode=0x10000",
					"JucePlugin_VersionString=\\\"1.0.0\\\"",
					"JucePlugin_VSTUniqueID=JucePlugin_PluginCode",
					"JucePlugin_VSTCategory=kPlugCategEffect",
					"JucePlugin_Vst3Category=\\\"Fx\\\"",
					"JucePlugin_AUMainType='aufx'",
					"JucePlugin_AUSubType=JucePlugin_PluginCode",
					"JucePlugin_AUExportPrefix=LV50AAU",
					"JucePlugin_AUExportPrefixQuoted=\\\"LV50AAU\\\"",
					"JucePlugin_AUManufacturerCode=JucePlugin_ManufacturerCode",
					"JucePlugin_CFBundleIdentifier=com.yourcompany.LV50A",
					"JucePlugin_RTASCategory=0",
					"JucePlugin_RTASManufacturerCode=JucePlugin_ManufacturerCode",
					"JucePlugin_RTASProductId=JucePlugin_PluginCode",
					"JucePlugin_RTASDisableBypass=0",
					"JucePlugin_RTASDisableMultiMono=0",
					"JucePlugin_AAXIdentifier=com.yourcompany.LV50A",
					"JucePlugin_AAXManufacturerCode=JucePlugin_ManufacturerCode",
					"JucePlugin_AAXProductId=JucePlugin_PluginCode",
					"JucePlugin_AAXCategory=0",
					"JucePlugin_AAXDisableBypass=0",
					"JucePlugin_AAXDisableMultiMono=0",
					"JucePlugin_IAAType=0x61757278",
					"JucePlugin_IAASubType=JucePlugin_PluginCode",
					"JucePlugin_IAAName=\\\"Viator\\ DSP:\\ LV50A\\\"",
					"JucePlugin_VSTNumMidiInputs=16",
					"JucePlugin_VSTNumMidiOutputs=16",
					"JUCE_STANDALONE_APPLICATION=JucePlugin_Build_Standalone",
					"JUCER_XCODE_MAC_F6D2F4CF=1",
					"JUCE_APP_VERSION=1.0.0",
					"JUCE_APP_VERSION_HEX=0x10000",
					"JUCE_SHARED_CODE=1",
				);
				GCC_VERSION = com.apple.compilers.llvm.clang.1_0;
				HEADER_SEARCH_PATHS = (
					"/Users/land00m/Documents/GitHub/JUCE/modules/juce_audio_processors/format_types/VST3_SDK",
					"$(SRCROOT)/../../JuceLibraryCode",
					"/Users/land00m/Documents/GitHub/JUCE/modules",
					"/Users/land00m/Documents/GitHub/JUCE/modules/juce_audio_plugin_client",
					"$(inherited)",
				);
				INSTALL_PATH = "@executable_path/../Frameworks";
				LLVM_LTO = YES;
				MACOSX_DEPLOYMENT_TARGET = 10.11;
				MTL_HEADER_SEARCH_PATHS = "/Users/land00m/Documents/GitHub/JUCE/modules/juce_audio_processors/format_types/VST3_SDK $(SRCROOT)/../../JuceLibraryCode /Users/land00m/Documents/GitHub/JUCE/modules /Users/land00m/Documents/GitHub/JUCE/modules/juce_audio_plugin_client";
				PRODUCT_BUNDLE_IDENTIFIER = com.yourcompany.LV50A;
				PRODUCT_NAME = "LV50A";
				SKIP_INSTALL = YES;
				USE_HEADERMAP = NO;
				VALID_ARCHS = "i386 x86_64 arm64 arm64e";
			};
			name = Release;
		};
		ED0FB4FBED59F6EF1C4D9784 /* Release */ = {
			isa = XCBuildConfiguration;
			buildSettings = {
				CLANG_CXX_LANGUAGE_STANDARD = "c++14";
				CLANG_CXX_LIBRARY = "libc++";
				CLANG_LINK_OBJC_RUNTIME = NO;
				CODE_SIGN_IDENTITY = "";
				COMBINE_HIDPI_IMAGES = YES;
				CONFIGURATION_BUILD_DIR = "$(PROJECT_DIR)/build/$(CONFIGURATION)";
				DEAD_CODE_STRIPPING = YES;
				DEPLOYMENT_LOCATION = YES;
				DSTROOT = /;
				GCC_GENERATE_DEBUGGING_SYMBOLS = NO;
				GCC_OPTIMIZATION_LEVEL = 3;
				GCC_PREPROCESSOR_DEFINITIONS = (
					"_NDEBUG=1",
					"NDEBUG=1",
					"JUCE_DISPLAY_SPLASH_SCREEN=0",
					"JUCE_USE_DARK_SPLASH_SCREEN=1",
					"JUCE_PROJUCER_VERSION=0x60102",
					"JUCE_MODULE_AVAILABLE_juce_audio_basics=1",
					"JUCE_MODULE_AVAILABLE_juce_audio_devices=1",
					"JUCE_MODULE_AVAILABLE_juce_audio_formats=1",
					"JUCE_MODULE_AVAILABLE_juce_audio_plugin_client=1",
					"JUCE_MODULE_AVAILABLE_juce_audio_processors=1",
					"JUCE_MODULE_AVAILABLE_juce_audio_utils=1",
					"JUCE_MODULE_AVAILABLE_juce_core=1",
					"JUCE_MODULE_AVAILABLE_juce_data_structures=1",
					"JUCE_MODULE_AVAILABLE_juce_dsp=1",
					"JUCE_MODULE_AVAILABLE_juce_events=1",
					"JUCE_MODULE_AVAILABLE_juce_graphics=1",
					"JUCE_MODULE_AVAILABLE_juce_gui_basics=1",
					"JUCE_MODULE_AVAILABLE_juce_gui_extra=1",
					"JUCE_GLOBAL_MODULE_SETTINGS_INCLUDED=1",
					"JUCE_VST3_CAN_REPLACE_VST2=0",
					"JUCE_STRICT_REFCOUNTEDPOINTER=1",
					"JucePlugin_Build_VST=0",
					"JucePlugin_Build_VST3=0",
					"JucePlugin_Build_AU=1",
					"JucePlugin_Build_AUv3=0",
					"JucePlugin_Build_RTAS=0",
					"JucePlugin_Build_AAX=0",
					"JucePlugin_Build_Standalone=0",
					"JucePlugin_Build_Unity=0",
					"JucePlugin_Enable_IAA=0",
					"JucePlugin_Name=\\\"LV50A\\\"",
					"JucePlugin_Desc=\\\"LV50A\\\"",
					"JucePlugin_Manufacturer=\\\"Viator\\ DSP\\\"",
					"JucePlugin_ManufacturerWebsite=\\\"\\\"",
					"JucePlugin_ManufacturerEmail=\\\"\\\"",
					"JucePlugin_ManufacturerCode=0x4d616e75",
					"JucePlugin_PluginCode=0x466d3479",
					"JucePlugin_IsSynth=0",
					"JucePlugin_WantsMidiInput=0",
					"JucePlugin_ProducesMidiOutput=0",
					"JucePlugin_IsMidiEffect=0",
					"JucePlugin_EditorRequiresKeyboardFocus=0",
					"JucePlugin_Version=1.0.0",
					"JucePlugin_VersionCode=0x10000",
					"JucePlugin_VersionString=\\\"1.0.0\\\"",
					"JucePlugin_VSTUniqueID=JucePlugin_PluginCode",
					"JucePlugin_VSTCategory=kPlugCategEffect",
					"JucePlugin_Vst3Category=\\\"Fx\\\"",
					"JucePlugin_AUMainType='aufx'",
					"JucePlugin_AUSubType=JucePlugin_PluginCode",
					"JucePlugin_AUExportPrefix=LV50AAU",
					"JucePlugin_AUExportPrefixQuoted=\\\"LV50AAU\\\"",
					"JucePlugin_AUManufacturerCode=JucePlugin_ManufacturerCode",
					"JucePlugin_CFBundleIdentifier=com.yourcompany.LV50A",
					"JucePlugin_RTASCategory=0",
					"JucePlugin_RTASManufacturerCode=JucePlugin_ManufacturerCode",
					"JucePlugin_RTASProductId=JucePlugin_PluginCode",
					"JucePlugin_RTASDisableBypass=0",
					"JucePlugin_RTASDisableMultiMono=0",
					"JucePlugin_AAXIdentifier=com.yourcompany.LV50A",
					"JucePlugin_AAXManufacturerCode=JucePlugin_ManufacturerCode",
					"JucePlugin_AAXProductId=JucePlugin_PluginCode",
					"JucePlugin_AAXCategory=0",
					"JucePlugin_AAXDisableBypass=0",
					"JucePlugin_AAXDisableMultiMono=0",
					"JucePlugin_IAAType=0x61757278",
					"JucePlugin_IAASubType=JucePlugin_PluginCode",
					"JucePlugin_IAAName=\\\"Viator\\ DSP:\\ LV50A\\\"",
					"JucePlugin_VSTNumMidiInputs=16",
					"JucePlugin_VSTNumMidiOutputs=16",
					"JUCE_STANDALONE_APPLICATION=JucePlugin_Build_Standalone",
					"JUCER_XCODE_MAC_F6D2F4CF=1",
					"JUCE_APP_VERSION=1.0.0",
					"JUCE_APP_VERSION_HEX=0x10000",
				);
				GCC_VERSION = com.apple.compilers.llvm.clang.1_0;
				GENERATE_PKGINFO_FILE = YES;
				HEADER_SEARCH_PATHS = (
					"/Users/land00m/Documents/GitHub/JUCE/modules/juce_audio_processors/format_types/VST3_SDK",
					"$(SRCROOT)/../../JuceLibraryCode",
					"/Users/land00m/Documents/GitHub/JUCE/modules",
					"/Users/land00m/Documents/GitHub/JUCE/modules/juce_audio_plugin_client",
					"$(inherited)",
				);
				INFOPLIST_FILE = Info-AU.plist;
				INFOPLIST_PREPROCESS = NO;
				INSTALL_PATH = "$(HOME)/Library/Audio/Plug-Ins/Components/";
				LIBRARY_STYLE = Bundle;
				LLVM_LTO = YES;
				MACOSX_DEPLOYMENT_TARGET = 10.11;
				MTL_HEADER_SEARCH_PATHS = "/Users/land00m/Documents/GitHub/JUCE/modules/juce_audio_processors/format_types/VST3_SDK $(SRCROOT)/../../JuceLibraryCode /Users/land00m/Documents/GitHub/JUCE/modules /Users/land00m/Documents/GitHub/JUCE/modules/juce_audio_plugin_client";
				OTHER_LDFLAGS = "-bundle -lLV50A";
				OTHER_REZFLAGS = "-d ppc_$ppc -d i386_$i386 -d ppc64_$ppc64 -d x86_64_$x86_64 -d arm64_$arm64 -I /System/Library/Frameworks/CoreServices.framework/Frameworks/CarbonCore.framework/Versions/A/Headers -I \"$(DEVELOPER_DIR)/Extras/CoreAudio/AudioUnits/AUPublic/AUBase\" -I \"$(DEVELOPER_DIR)/Platforms/MacOSX.platform/Developer/SDKs/MacOSX.sdk/System/Library/Frameworks/AudioUnit.framework/Headers\"";
				PRODUCT_BUNDLE_IDENTIFIER = com.yourcompany.LV50A;
				PRODUCT_NAME = "LV50A";
				USE_HEADERMAP = NO;
				VALID_ARCHS = "i386 x86_64 arm64 arm64e";
				WRAPPER_EXTENSION = component;
			};
			name = Release;
		};
		F9579A1137016772CFBA1C55 /* Release */ = {
			isa = XCBuildConfiguration;
			buildSettings = {
				CLANG_CXX_LANGUAGE_STANDARD = "c++14";
				CLANG_CXX_LIBRARY = "libc++";
				CLANG_LINK_OBJC_RUNTIME = NO;
				CODE_SIGN_IDENTITY = "";
				COMBINE_HIDPI_IMAGES = YES;
				CONFIGURATION_BUILD_DIR = "$(PROJECT_DIR)/build/$(CONFIGURATION)";
				DEAD_CODE_STRIPPING = YES;
				GCC_GENERATE_DEBUGGING_SYMBOLS = NO;
				GCC_OPTIMIZATION_LEVEL = 3;
				GCC_PREPROCESSOR_DEFINITIONS = (
					"_NDEBUG=1",
					"NDEBUG=1",
					"JUCE_DISPLAY_SPLASH_SCREEN=0",
					"JUCE_USE_DARK_SPLASH_SCREEN=1",
					"JUCE_PROJUCER_VERSION=0x60102",
					"JUCE_MODULE_AVAILABLE_juce_audio_basics=1",
					"JUCE_MODULE_AVAILABLE_juce_audio_devices=1",
					"JUCE_MODULE_AVAILABLE_juce_audio_formats=1",
					"JUCE_MODULE_AVAILABLE_juce_audio_plugin_client=1",
					"JUCE_MODULE_AVAILABLE_juce_audio_processors=1",
					"JUCE_MODULE_AVAILABLE_juce_audio_utils=1",
					"JUCE_MODULE_AVAILABLE_juce_core=1",
					"JUCE_MODULE_AVAILABLE_juce_data_structures=1",
					"JUCE_MODULE_AVAILABLE_juce_dsp=1",
					"JUCE_MODULE_AVAILABLE_juce_events=1",
					"JUCE_MODULE_AVAILABLE_juce_graphics=1",
					"JUCE_MODULE_AVAILABLE_juce_gui_basics=1",
					"JUCE_MODULE_AVAILABLE_juce_gui_extra=1",
					"JUCE_GLOBAL_MODULE_SETTINGS_INCLUDED=1",
					"JUCE_VST3_CAN_REPLACE_VST2=0",
					"JUCE_STRICT_REFCOUNTEDPOINTER=1",
					"JucePlugin_Build_VST=0",
					"JucePlugin_Build_VST3=0",
					"JucePlugin_Build_AU=0",
					"JucePlugin_Build_AUv3=0",
					"JucePlugin_Build_RTAS=0",
					"JucePlugin_Build_AAX=0",
					"JucePlugin_Build_Standalone=1",
					"JucePlugin_Build_Unity=0",
					"JucePlugin_Enable_IAA=0",
					"JucePlugin_Name=\\\"LV50A\\\"",
					"JucePlugin_Desc=\\\"LV50A\\\"",
					"JucePlugin_Manufacturer=\\\"Viator\\ DSP\\\"",
					"JucePlugin_ManufacturerWebsite=\\\"\\\"",
					"JucePlugin_ManufacturerEmail=\\\"\\\"",
					"JucePlugin_ManufacturerCode=0x4d616e75",
					"JucePlugin_PluginCode=0x466d3479",
					"JucePlugin_IsSynth=0",
					"JucePlugin_WantsMidiInput=0",
					"JucePlugin_ProducesMidiOutput=0",
					"JucePlugin_IsMidiEffect=0",
					"JucePlugin_EditorRequiresKeyboardFocus=0",
					"JucePlugin_Version=1.0.0",
					"JucePlugin_VersionCode=0x10000",
					"JucePlugin_VersionString=\\\"1.0.0\\\"",
					"JucePlugin_VSTUniqueID=JucePlugin_PluginCode",
					"JucePlugin_VSTCategory=kPlugCategEffect",
					"JucePlugin_Vst3Category=\\\"Fx\\\"",
					"JucePlugin_AUMainType='aufx'",
					"JucePlugin_AUSubType=JucePlugin_PluginCode",
					"JucePlugin_AUExportPrefix=LV50AAU",
					"JucePlugin_AUExportPrefixQuoted=\\\"LV50AAU\\\"",
					"JucePlugin_AUManufacturerCode=JucePlugin_ManufacturerCode",
					"JucePlugin_CFBundleIdentifier=com.yourcompany.LV50A",
					"JucePlugin_RTASCategory=0",
					"JucePlugin_RTASManufacturerCode=JucePlugin_ManufacturerCode",
					"JucePlugin_RTASProductId=JucePlugin_PluginCode",
					"JucePlugin_RTASDisableBypass=0",
					"JucePlugin_RTASDisableMultiMono=0",
					"JucePlugin_AAXIdentifier=com.yourcompany.LV50A",
					"JucePlugin_AAXManufacturerCode=JucePlugin_ManufacturerCode",
					"JucePlugin_AAXProductId=JucePlugin_PluginCode",
					"JucePlugin_AAXCategory=0",
					"JucePlugin_AAXDisableBypass=0",
					"JucePlugin_AAXDisableMultiMono=0",
					"JucePlugin_IAAType=0x61757278",
					"JucePlugin_IAASubType=JucePlugin_PluginCode",
					"JucePlugin_IAAName=\\\"Viator\\ DSP:\\ LV50A\\\"",
					"JucePlugin_VSTNumMidiInputs=16",
					"JucePlugin_VSTNumMidiOutputs=16",
					"JUCE_STANDALONE_APPLICATION=JucePlugin_Build_Standalone",
					"JUCER_XCODE_MAC_F6D2F4CF=1",
					"JUCE_APP_VERSION=1.0.0",
					"JUCE_APP_VERSION_HEX=0x10000",
				);
				GCC_VERSION = com.apple.compilers.llvm.clang.1_0;
				HEADER_SEARCH_PATHS = (
					"/Users/land00m/Documents/GitHub/JUCE/modules/juce_audio_processors/format_types/VST3_SDK",
					"$(SRCROOT)/../../JuceLibraryCode",
					"/Users/land00m/Documents/GitHub/JUCE/modules",
					"/Users/land00m/Documents/GitHub/JUCE/modules/juce_audio_plugin_client",
					"$(inherited)",
				);
				INFOPLIST_FILE = Info-Standalone_Plugin.plist;
				INFOPLIST_PREPROCESS = NO;
				LLVM_LTO = YES;
				MACOSX_DEPLOYMENT_TARGET = 10.11;
				MTL_HEADER_SEARCH_PATHS = "/Users/land00m/Documents/GitHub/JUCE/modules/juce_audio_processors/format_types/VST3_SDK $(SRCROOT)/../../JuceLibraryCode /Users/land00m/Documents/GitHub/JUCE/modules /Users/land00m/Documents/GitHub/JUCE/modules/juce_audio_plugin_client";
				OTHER_LDFLAGS = "-lLV50A";
				PRODUCT_BUNDLE_IDENTIFIER = com.yourcompany.LV50A;
				PRODUCT_NAME = "LV50A";
				USE_HEADERMAP = NO;
				VALID_ARCHS = "i386 x86_64 arm64 arm64e";
			};
			name = Release;
		};
/* End XCBuildConfiguration section */

/* Begin XCConfigurationList section */
		372A5296A6887B076150D571 = {
			isa = XCConfigurationList;
			buildConfigurations = (
				717B248E6060DB4047D2BA6D,
				8B3CF089046E4EC9D271D07B,
			);
			defaultConfigurationIsVisible = 0;
			defaultConfigurationName = Debug;
		};
		3C733A42720B53E7DC20604C = {
			isa = XCConfigurationList;
			buildConfigurations = (
				5C1A92F1793E9ED035B9EDF5,
				F9579A1137016772CFBA1C55,
			);
			defaultConfigurationIsVisible = 0;
			defaultConfigurationName = Debug;
		};
		955B6EE5FCCEBD346E75FB70 = {
			isa = XCConfigurationList;
			buildConfigurations = (
				0C55591472021E4D66B2738E,
				A45B24323DE580D54D9CF504,
			);
			defaultConfigurationIsVisible = 0;
			defaultConfigurationName = Debug;
		};
		C076A3C7C61EA06E40CC401F = {
			isa = XCConfigurationList;
			buildConfigurations = (
				0D55E487B5E0AF31AB658142,
				8C4A5148B55CB008B658C1B6,
			);
			defaultConfigurationIsVisible = 0;
			defaultConfigurationName = Debug;
		};
		CF900D9B04DE59A2CEA4222F = {
			isa = XCConfigurationList;
			buildConfigurations = (
				08BFBE0F46F39EC717D45A5A,
				9F798687C7DCFB2F54DFDE91,
			);
			defaultConfigurationIsVisible = 0;
			defaultConfigurationName = Debug;
		};
		E316E57D4309FA6B23E8D976 = {
			isa = XCConfigurationList;
			buildConfigurations = (
				2BA4B40110D4344F38BA9A7C,
				ED0FB4FBED59F6EF1C4D9784,
			);
			defaultConfigurationIsVisible = 0;
			defaultConfigurationName = Debug;
		};
/* End XCConfigurationList section */
	};
	rootObject = 904DE83E13C35D89D1704C42 /* Project object */;
}
